
Microsoft Visual Studio Solution File, Format Version 12.00
# Visual Studio 14
VisualStudioVersion = 14.0.25420.1
MinimumVisualStudioVersion = 10.0.40219.1
Project("{2150E333-8FDC-42A3-9474-1A3956D46DE8}") = "src", "src", "{EAD15996-7A75-43F7-BA04-CEB76502B954}"
EndProject
Project("{2150E333-8FDC-42A3-9474-1A3956D46DE8}") = "Solution Items", "Solution Items", "{CC24B708-101C-4EA0-96E0-F38D1E7F7A52}"
	ProjectSection(SolutionItems) = preProject
		global.json = global.json
	EndProjectSection
EndProject
Project("{2150E333-8FDC-42A3-9474-1A3956D46DE8}") = "Ewa.Server", "Ewa.Server", "{442BD5D1-E2DF-453E-BF1D-24BE28C124E1}"
EndProject
Project("{2150E333-8FDC-42A3-9474-1A3956D46DE8}") = "Ewa.IOT", "Ewa.IOT", "{9DAA18C4-8474-4B9B-907E-8CE43B26F35D}"
EndProject
Project("{FAE04EC0-301F-11D3-BF4B-00C04F79EFBC}") = "Ewa.IOT.RPI", "src\Ewa.IOT.RPI\Ewa.IOT.RPI.csproj", "{9712913F-2C43-400D-8D8C-BD76002E8CCD}"
EndProject
Project("{2150E333-8FDC-42A3-9474-1A3956D46DE8}") = "Ewa.Client", "Ewa.Client", "{AFF29644-4B6F-4C03-90C6-2B900019EA21}"
EndProject
Project("{2150E333-8FDC-42A3-9474-1A3956D46DE8}") = "Ewa.Common", "Ewa.Common", "{FB0E4B93-97CD-43EF-B35D-AF4CCF27C5A9}"
EndProject
Project("{2150E333-8FDC-42A3-9474-1A3956D46DE8}") = "Ewa.Bot", "Ewa.Bot", "{9DA4DC85-3A29-47E7-AF34-1D44A055E8CF}"
EndProject
Project("{FAE04EC0-301F-11D3-BF4B-00C04F79EFBC}") = "Ewa.Speech", "src\Eva.Speech\Ewa.Speech.csproj", "{C0EC5E1D-C85D-4ACC-9195-A09CE3BF04AC}"
EndProject
Project("{FAE04EC0-301F-11D3-BF4B-00C04F79EFBC}") = "Ewa.IOT.CortanaListener", "src\Eva.IOT.CortanaListener\Ewa.IOT.CortanaListener.csproj", "{EDF1FDED-8811-41EE-9390-71010D2BE7FE}"
EndProject
Project("{FAE04EC0-301F-11D3-BF4B-00C04F79EFBC}") = "Ewa.IOT.Common", "src\Ewa.IOT.Common\Ewa.IOT.Common.csproj", "{479F462E-2D1F-4C17-9BF5-86B56D51BBC8}"
EndProject
Project("{FAE04EC0-301F-11D3-BF4B-00C04F79EFBC}") = "Ewa.IOT.Device", "src\Ewa.IOT.Device\Ewa.IOT.Device.csproj", "{D2835239-3126-45F2-A534-006021292B48}"
EndProject
Project("{FAE04EC0-301F-11D3-BF4B-00C04F79EFBC}") = "Ewa.MessageObjects", "src\Ewa.MessageObjects\Ewa.MessageObjects.csproj", "{9418296F-AAB3-496D-BC1E-505E52A78E6E}"
EndProject
Project("{8BB2217D-0F2D-49D1-97BC-3654ED321F3B}") = "Ewa.Server.API", "src\Ewa.Server.API\Ewa.Server.API.xproj", "{91786A6B-2196-489B-8EC0-F7949BE282D0}"
EndProject
Project("{2150E333-8FDC-42A3-9474-1A3956D46DE8}") = "Test", "Test", "{01CD3E9F-161D-4B47-9282-429F0D1A4605}"
EndProject
Project("{FAE04EC0-301F-11D3-BF4B-00C04F79EFBC}") = "Ewa.TestConsole", "src\Ewa.TestConsole\Ewa.TestConsole.csproj", "{A50E23FB-5EF2-4C11-9E8A-6CF7DDAFEB8D}"
EndProject
Project("{FAE04EC0-301F-11D3-BF4B-00C04F79EFBC}") = "Ewa.IOT.Operator", "src\Ewa.IOT.Capabilities\Ewa.IOT.Operator.csproj", "{468E439F-54B4-4765-9E5B-D11C749824D4}"
EndProject
Project("{D954291E-2A0B-460D-934E-DC6B0785DB48}") = "Ewa.Client.Mobile", "src\Ewa.Client.Mobile\Ewa.Client.Mobile\Ewa.Client.Mobile.shproj", "{373616F9-DF71-44D7-99EC-6520DC9BF5BB}"
EndProject
Project("{FAE04EC0-301F-11D3-BF4B-00C04F79EFBC}") = "Ewa.Client.Mobile.Droid", "src\Ewa.Client.Mobile\Ewa.Client.Mobile.Droid\Ewa.Client.Mobile.Droid.csproj", "{EF7A6025-4D8F-453C-9879-7320130E7F53}"
EndProject
Project("{FAE04EC0-301F-11D3-BF4B-00C04F79EFBC}") = "Ewa.Client.Mobile.iOS", "src\Ewa.Client.Mobile\Ewa.Client.Mobile.iOS\Ewa.Client.Mobile.iOS.csproj", "{D9BA7453-8686-469D-BC00-46B8482358C8}"
EndProject
Project("{FAE04EC0-301F-11D3-BF4B-00C04F79EFBC}") = "Ewa.Client.Mobile.UWP", "src\Ewa.Client.Mobile\Ewa.Client.Mobile.UWP\Ewa.Client.Mobile.UWP.csproj", "{B4548857-1BBA-4A04-A129-22F816984F4B}"
EndProject
Global
	GlobalSection(SharedMSBuildProjectFiles) = preSolution
		src\Ewa.Client.Mobile\Ewa.Client.Mobile\Ewa.Client.Mobile.projitems*{373616f9-df71-44d7-99ec-6520dc9bf5bb}*SharedItemsImports = 13
		src\Ewa.Client.Mobile\Ewa.Client.Mobile\Ewa.Client.Mobile.projitems*{d9ba7453-8686-469d-bc00-46b8482358c8}*SharedItemsImports = 4
		src\Ewa.Client.Mobile\Ewa.Client.Mobile\Ewa.Client.Mobile.projitems*{ef7a6025-4d8f-453c-9879-7320130e7f53}*SharedItemsImports = 4
	EndGlobalSection
	GlobalSection(SolutionConfigurationPlatforms) = preSolution
		Ad-Hoc|Any CPU = Ad-Hoc|Any CPU
		Ad-Hoc|ARM = Ad-Hoc|ARM
		Ad-Hoc|iPhone = Ad-Hoc|iPhone
		Ad-Hoc|iPhoneSimulator = Ad-Hoc|iPhoneSimulator
		Ad-Hoc|x64 = Ad-Hoc|x64
		Ad-Hoc|x86 = Ad-Hoc|x86
		AppStore|Any CPU = AppStore|Any CPU
		AppStore|ARM = AppStore|ARM
		AppStore|iPhone = AppStore|iPhone
		AppStore|iPhoneSimulator = AppStore|iPhoneSimulator
		AppStore|x64 = AppStore|x64
		AppStore|x86 = AppStore|x86
		Debug|Any CPU = Debug|Any CPU
		Debug|ARM = Debug|ARM
		Debug|iPhone = Debug|iPhone
		Debug|iPhoneSimulator = Debug|iPhoneSimulator
		Debug|x64 = Debug|x64
		Debug|x86 = Debug|x86
		Release|Any CPU = Release|Any CPU
		Release|ARM = Release|ARM
		Release|iPhone = Release|iPhone
		Release|iPhoneSimulator = Release|iPhoneSimulator
		Release|x64 = Release|x64
		Release|x86 = Release|x86
	EndGlobalSection
	GlobalSection(ProjectConfigurationPlatforms) = postSolution
		{9712913F-2C43-400D-8D8C-BD76002E8CCD}.Ad-Hoc|Any CPU.ActiveCfg = Release|x64
		{9712913F-2C43-400D-8D8C-BD76002E8CCD}.Ad-Hoc|Any CPU.Build.0 = Release|x64
		{9712913F-2C43-400D-8D8C-BD76002E8CCD}.Ad-Hoc|Any CPU.Deploy.0 = Release|x64
		{9712913F-2C43-400D-8D8C-BD76002E8CCD}.Ad-Hoc|ARM.ActiveCfg = Release|ARM
		{9712913F-2C43-400D-8D8C-BD76002E8CCD}.Ad-Hoc|ARM.Build.0 = Release|ARM
		{9712913F-2C43-400D-8D8C-BD76002E8CCD}.Ad-Hoc|ARM.Deploy.0 = Release|ARM
		{9712913F-2C43-400D-8D8C-BD76002E8CCD}.Ad-Hoc|iPhone.ActiveCfg = Release|x64
		{9712913F-2C43-400D-8D8C-BD76002E8CCD}.Ad-Hoc|iPhone.Build.0 = Release|x64
		{9712913F-2C43-400D-8D8C-BD76002E8CCD}.Ad-Hoc|iPhone.Deploy.0 = Release|x64
		{9712913F-2C43-400D-8D8C-BD76002E8CCD}.Ad-Hoc|iPhoneSimulator.ActiveCfg = Release|x64
		{9712913F-2C43-400D-8D8C-BD76002E8CCD}.Ad-Hoc|iPhoneSimulator.Build.0 = Release|x64
		{9712913F-2C43-400D-8D8C-BD76002E8CCD}.Ad-Hoc|iPhoneSimulator.Deploy.0 = Release|x64
		{9712913F-2C43-400D-8D8C-BD76002E8CCD}.Ad-Hoc|x64.ActiveCfg = Release|x64
		{9712913F-2C43-400D-8D8C-BD76002E8CCD}.Ad-Hoc|x64.Build.0 = Release|x64
		{9712913F-2C43-400D-8D8C-BD76002E8CCD}.Ad-Hoc|x64.Deploy.0 = Release|x64
		{9712913F-2C43-400D-8D8C-BD76002E8CCD}.Ad-Hoc|x86.ActiveCfg = Release|x86
		{9712913F-2C43-400D-8D8C-BD76002E8CCD}.Ad-Hoc|x86.Build.0 = Release|x86
		{9712913F-2C43-400D-8D8C-BD76002E8CCD}.Ad-Hoc|x86.Deploy.0 = Release|x86
		{9712913F-2C43-400D-8D8C-BD76002E8CCD}.AppStore|Any CPU.ActiveCfg = Release|x64
		{9712913F-2C43-400D-8D8C-BD76002E8CCD}.AppStore|Any CPU.Build.0 = Release|x64
		{9712913F-2C43-400D-8D8C-BD76002E8CCD}.AppStore|Any CPU.Deploy.0 = Release|x64
		{9712913F-2C43-400D-8D8C-BD76002E8CCD}.AppStore|ARM.ActiveCfg = Release|ARM
		{9712913F-2C43-400D-8D8C-BD76002E8CCD}.AppStore|ARM.Build.0 = Release|ARM
		{9712913F-2C43-400D-8D8C-BD76002E8CCD}.AppStore|ARM.Deploy.0 = Release|ARM
		{9712913F-2C43-400D-8D8C-BD76002E8CCD}.AppStore|iPhone.ActiveCfg = Release|x64
		{9712913F-2C43-400D-8D8C-BD76002E8CCD}.AppStore|iPhone.Build.0 = Release|x64
		{9712913F-2C43-400D-8D8C-BD76002E8CCD}.AppStore|iPhone.Deploy.0 = Release|x64
		{9712913F-2C43-400D-8D8C-BD76002E8CCD}.AppStore|iPhoneSimulator.ActiveCfg = Release|x64
		{9712913F-2C43-400D-8D8C-BD76002E8CCD}.AppStore|iPhoneSimulator.Build.0 = Release|x64
		{9712913F-2C43-400D-8D8C-BD76002E8CCD}.AppStore|iPhoneSimulator.Deploy.0 = Release|x64
		{9712913F-2C43-400D-8D8C-BD76002E8CCD}.AppStore|x64.ActiveCfg = Release|x64
		{9712913F-2C43-400D-8D8C-BD76002E8CCD}.AppStore|x64.Build.0 = Release|x64
		{9712913F-2C43-400D-8D8C-BD76002E8CCD}.AppStore|x64.Deploy.0 = Release|x64
		{9712913F-2C43-400D-8D8C-BD76002E8CCD}.AppStore|x86.ActiveCfg = Release|x86
		{9712913F-2C43-400D-8D8C-BD76002E8CCD}.AppStore|x86.Build.0 = Release|x86
		{9712913F-2C43-400D-8D8C-BD76002E8CCD}.AppStore|x86.Deploy.0 = Release|x86
		{9712913F-2C43-400D-8D8C-BD76002E8CCD}.Debug|Any CPU.ActiveCfg = Debug|x86
		{9712913F-2C43-400D-8D8C-BD76002E8CCD}.Debug|Any CPU.Build.0 = Debug|x86
		{9712913F-2C43-400D-8D8C-BD76002E8CCD}.Debug|Any CPU.Deploy.0 = Debug|x86
		{9712913F-2C43-400D-8D8C-BD76002E8CCD}.Debug|ARM.ActiveCfg = Debug|ARM
		{9712913F-2C43-400D-8D8C-BD76002E8CCD}.Debug|ARM.Build.0 = Debug|ARM
		{9712913F-2C43-400D-8D8C-BD76002E8CCD}.Debug|ARM.Deploy.0 = Debug|ARM
		{9712913F-2C43-400D-8D8C-BD76002E8CCD}.Debug|iPhone.ActiveCfg = Debug|x86
		{9712913F-2C43-400D-8D8C-BD76002E8CCD}.Debug|iPhoneSimulator.ActiveCfg = Debug|x86
		{9712913F-2C43-400D-8D8C-BD76002E8CCD}.Debug|x64.ActiveCfg = Debug|x64
		{9712913F-2C43-400D-8D8C-BD76002E8CCD}.Debug|x64.Build.0 = Debug|x64
		{9712913F-2C43-400D-8D8C-BD76002E8CCD}.Debug|x64.Deploy.0 = Debug|x64
		{9712913F-2C43-400D-8D8C-BD76002E8CCD}.Debug|x86.ActiveCfg = Debug|x86
		{9712913F-2C43-400D-8D8C-BD76002E8CCD}.Debug|x86.Build.0 = Debug|x86
		{9712913F-2C43-400D-8D8C-BD76002E8CCD}.Debug|x86.Deploy.0 = Debug|x86
		{9712913F-2C43-400D-8D8C-BD76002E8CCD}.Release|Any CPU.ActiveCfg = Release|x86
		{9712913F-2C43-400D-8D8C-BD76002E8CCD}.Release|ARM.ActiveCfg = Release|ARM
		{9712913F-2C43-400D-8D8C-BD76002E8CCD}.Release|ARM.Build.0 = Release|ARM
		{9712913F-2C43-400D-8D8C-BD76002E8CCD}.Release|ARM.Deploy.0 = Release|ARM
		{9712913F-2C43-400D-8D8C-BD76002E8CCD}.Release|iPhone.ActiveCfg = Release|x86
		{9712913F-2C43-400D-8D8C-BD76002E8CCD}.Release|iPhoneSimulator.ActiveCfg = Release|x86
		{9712913F-2C43-400D-8D8C-BD76002E8CCD}.Release|x64.ActiveCfg = Release|x64
		{9712913F-2C43-400D-8D8C-BD76002E8CCD}.Release|x64.Build.0 = Release|x64
		{9712913F-2C43-400D-8D8C-BD76002E8CCD}.Release|x64.Deploy.0 = Release|x64
		{9712913F-2C43-400D-8D8C-BD76002E8CCD}.Release|x86.ActiveCfg = Release|x86
		{9712913F-2C43-400D-8D8C-BD76002E8CCD}.Release|x86.Build.0 = Release|x86
		{9712913F-2C43-400D-8D8C-BD76002E8CCD}.Release|x86.Deploy.0 = Release|x86
		{C0EC5E1D-C85D-4ACC-9195-A09CE3BF04AC}.Ad-Hoc|Any CPU.ActiveCfg = Release|Any CPU
		{C0EC5E1D-C85D-4ACC-9195-A09CE3BF04AC}.Ad-Hoc|Any CPU.Build.0 = Release|Any CPU
		{C0EC5E1D-C85D-4ACC-9195-A09CE3BF04AC}.Ad-Hoc|ARM.ActiveCfg = Release|ARM
		{C0EC5E1D-C85D-4ACC-9195-A09CE3BF04AC}.Ad-Hoc|ARM.Build.0 = Release|ARM
		{C0EC5E1D-C85D-4ACC-9195-A09CE3BF04AC}.Ad-Hoc|iPhone.ActiveCfg = Release|Any CPU
		{C0EC5E1D-C85D-4ACC-9195-A09CE3BF04AC}.Ad-Hoc|iPhone.Build.0 = Release|Any CPU
		{C0EC5E1D-C85D-4ACC-9195-A09CE3BF04AC}.Ad-Hoc|iPhoneSimulator.ActiveCfg = Release|Any CPU
		{C0EC5E1D-C85D-4ACC-9195-A09CE3BF04AC}.Ad-Hoc|iPhoneSimulator.Build.0 = Release|Any CPU
		{C0EC5E1D-C85D-4ACC-9195-A09CE3BF04AC}.Ad-Hoc|x64.ActiveCfg = Release|x64
		{C0EC5E1D-C85D-4ACC-9195-A09CE3BF04AC}.Ad-Hoc|x64.Build.0 = Release|x64
		{C0EC5E1D-C85D-4ACC-9195-A09CE3BF04AC}.Ad-Hoc|x86.ActiveCfg = Release|x86
		{C0EC5E1D-C85D-4ACC-9195-A09CE3BF04AC}.Ad-Hoc|x86.Build.0 = Release|x86
		{C0EC5E1D-C85D-4ACC-9195-A09CE3BF04AC}.AppStore|Any CPU.ActiveCfg = Release|Any CPU
		{C0EC5E1D-C85D-4ACC-9195-A09CE3BF04AC}.AppStore|Any CPU.Build.0 = Release|Any CPU
		{C0EC5E1D-C85D-4ACC-9195-A09CE3BF04AC}.AppStore|ARM.ActiveCfg = Release|ARM
		{C0EC5E1D-C85D-4ACC-9195-A09CE3BF04AC}.AppStore|ARM.Build.0 = Release|ARM
		{C0EC5E1D-C85D-4ACC-9195-A09CE3BF04AC}.AppStore|iPhone.ActiveCfg = Release|Any CPU
		{C0EC5E1D-C85D-4ACC-9195-A09CE3BF04AC}.AppStore|iPhone.Build.0 = Release|Any CPU
		{C0EC5E1D-C85D-4ACC-9195-A09CE3BF04AC}.AppStore|iPhoneSimulator.ActiveCfg = Release|Any CPU
		{C0EC5E1D-C85D-4ACC-9195-A09CE3BF04AC}.AppStore|iPhoneSimulator.Build.0 = Release|Any CPU
		{C0EC5E1D-C85D-4ACC-9195-A09CE3BF04AC}.AppStore|x64.ActiveCfg = Release|x64
		{C0EC5E1D-C85D-4ACC-9195-A09CE3BF04AC}.AppStore|x64.Build.0 = Release|x64
		{C0EC5E1D-C85D-4ACC-9195-A09CE3BF04AC}.AppStore|x86.ActiveCfg = Release|x86
		{C0EC5E1D-C85D-4ACC-9195-A09CE3BF04AC}.AppStore|x86.Build.0 = Release|x86
		{C0EC5E1D-C85D-4ACC-9195-A09CE3BF04AC}.Debug|Any CPU.ActiveCfg = Debug|Any CPU
		{C0EC5E1D-C85D-4ACC-9195-A09CE3BF04AC}.Debug|Any CPU.Build.0 = Debug|Any CPU
		{C0EC5E1D-C85D-4ACC-9195-A09CE3BF04AC}.Debug|ARM.ActiveCfg = Debug|ARM
		{C0EC5E1D-C85D-4ACC-9195-A09CE3BF04AC}.Debug|ARM.Build.0 = Debug|ARM
		{C0EC5E1D-C85D-4ACC-9195-A09CE3BF04AC}.Debug|iPhone.ActiveCfg = Debug|Any CPU
		{C0EC5E1D-C85D-4ACC-9195-A09CE3BF04AC}.Debug|iPhone.Build.0 = Debug|Any CPU
		{C0EC5E1D-C85D-4ACC-9195-A09CE3BF04AC}.Debug|iPhoneSimulator.ActiveCfg = Debug|Any CPU
		{C0EC5E1D-C85D-4ACC-9195-A09CE3BF04AC}.Debug|iPhoneSimulator.Build.0 = Debug|Any CPU
		{C0EC5E1D-C85D-4ACC-9195-A09CE3BF04AC}.Debug|x64.ActiveCfg = Debug|x64
		{C0EC5E1D-C85D-4ACC-9195-A09CE3BF04AC}.Debug|x64.Build.0 = Debug|x64
		{C0EC5E1D-C85D-4ACC-9195-A09CE3BF04AC}.Debug|x86.ActiveCfg = Debug|x86
		{C0EC5E1D-C85D-4ACC-9195-A09CE3BF04AC}.Debug|x86.Build.0 = Debug|x86
		{C0EC5E1D-C85D-4ACC-9195-A09CE3BF04AC}.Release|Any CPU.ActiveCfg = Release|Any CPU
		{C0EC5E1D-C85D-4ACC-9195-A09CE3BF04AC}.Release|Any CPU.Build.0 = Release|Any CPU
		{C0EC5E1D-C85D-4ACC-9195-A09CE3BF04AC}.Release|ARM.ActiveCfg = Release|ARM
		{C0EC5E1D-C85D-4ACC-9195-A09CE3BF04AC}.Release|ARM.Build.0 = Release|ARM
		{C0EC5E1D-C85D-4ACC-9195-A09CE3BF04AC}.Release|iPhone.ActiveCfg = Release|Any CPU
		{C0EC5E1D-C85D-4ACC-9195-A09CE3BF04AC}.Release|iPhone.Build.0 = Release|Any CPU
		{C0EC5E1D-C85D-4ACC-9195-A09CE3BF04AC}.Release|iPhoneSimulator.ActiveCfg = Release|Any CPU
		{C0EC5E1D-C85D-4ACC-9195-A09CE3BF04AC}.Release|iPhoneSimulator.Build.0 = Release|Any CPU
		{C0EC5E1D-C85D-4ACC-9195-A09CE3BF04AC}.Release|x64.ActiveCfg = Release|x64
		{C0EC5E1D-C85D-4ACC-9195-A09CE3BF04AC}.Release|x64.Build.0 = Release|x64
		{C0EC5E1D-C85D-4ACC-9195-A09CE3BF04AC}.Release|x86.ActiveCfg = Release|x86
		{C0EC5E1D-C85D-4ACC-9195-A09CE3BF04AC}.Release|x86.Build.0 = Release|x86
		{EDF1FDED-8811-41EE-9390-71010D2BE7FE}.Ad-Hoc|Any CPU.ActiveCfg = Release|Any CPU
		{EDF1FDED-8811-41EE-9390-71010D2BE7FE}.Ad-Hoc|Any CPU.Build.0 = Release|Any CPU
		{EDF1FDED-8811-41EE-9390-71010D2BE7FE}.Ad-Hoc|ARM.ActiveCfg = Release|ARM
		{EDF1FDED-8811-41EE-9390-71010D2BE7FE}.Ad-Hoc|ARM.Build.0 = Release|ARM
		{EDF1FDED-8811-41EE-9390-71010D2BE7FE}.Ad-Hoc|iPhone.ActiveCfg = Release|Any CPU
		{EDF1FDED-8811-41EE-9390-71010D2BE7FE}.Ad-Hoc|iPhone.Build.0 = Release|Any CPU
		{EDF1FDED-8811-41EE-9390-71010D2BE7FE}.Ad-Hoc|iPhoneSimulator.ActiveCfg = Release|Any CPU
		{EDF1FDED-8811-41EE-9390-71010D2BE7FE}.Ad-Hoc|iPhoneSimulator.Build.0 = Release|Any CPU
		{EDF1FDED-8811-41EE-9390-71010D2BE7FE}.Ad-Hoc|x64.ActiveCfg = Release|x64
		{EDF1FDED-8811-41EE-9390-71010D2BE7FE}.Ad-Hoc|x64.Build.0 = Release|x64
		{EDF1FDED-8811-41EE-9390-71010D2BE7FE}.Ad-Hoc|x86.ActiveCfg = Release|x86
		{EDF1FDED-8811-41EE-9390-71010D2BE7FE}.Ad-Hoc|x86.Build.0 = Release|x86
		{EDF1FDED-8811-41EE-9390-71010D2BE7FE}.AppStore|Any CPU.ActiveCfg = Release|Any CPU
		{EDF1FDED-8811-41EE-9390-71010D2BE7FE}.AppStore|Any CPU.Build.0 = Release|Any CPU
		{EDF1FDED-8811-41EE-9390-71010D2BE7FE}.AppStore|ARM.ActiveCfg = Release|ARM
		{EDF1FDED-8811-41EE-9390-71010D2BE7FE}.AppStore|ARM.Build.0 = Release|ARM
		{EDF1FDED-8811-41EE-9390-71010D2BE7FE}.AppStore|iPhone.ActiveCfg = Release|Any CPU
		{EDF1FDED-8811-41EE-9390-71010D2BE7FE}.AppStore|iPhone.Build.0 = Release|Any CPU
		{EDF1FDED-8811-41EE-9390-71010D2BE7FE}.AppStore|iPhoneSimulator.ActiveCfg = Release|Any CPU
		{EDF1FDED-8811-41EE-9390-71010D2BE7FE}.AppStore|iPhoneSimulator.Build.0 = Release|Any CPU
		{EDF1FDED-8811-41EE-9390-71010D2BE7FE}.AppStore|x64.ActiveCfg = Release|x64
		{EDF1FDED-8811-41EE-9390-71010D2BE7FE}.AppStore|x64.Build.0 = Release|x64
		{EDF1FDED-8811-41EE-9390-71010D2BE7FE}.AppStore|x86.ActiveCfg = Release|x86
		{EDF1FDED-8811-41EE-9390-71010D2BE7FE}.AppStore|x86.Build.0 = Release|x86
		{EDF1FDED-8811-41EE-9390-71010D2BE7FE}.Debug|Any CPU.ActiveCfg = Debug|Any CPU
		{EDF1FDED-8811-41EE-9390-71010D2BE7FE}.Debug|Any CPU.Build.0 = Debug|Any CPU
		{EDF1FDED-8811-41EE-9390-71010D2BE7FE}.Debug|ARM.ActiveCfg = Debug|ARM
		{EDF1FDED-8811-41EE-9390-71010D2BE7FE}.Debug|ARM.Build.0 = Debug|ARM
		{EDF1FDED-8811-41EE-9390-71010D2BE7FE}.Debug|iPhone.ActiveCfg = Debug|Any CPU
		{EDF1FDED-8811-41EE-9390-71010D2BE7FE}.Debug|iPhone.Build.0 = Debug|Any CPU
		{EDF1FDED-8811-41EE-9390-71010D2BE7FE}.Debug|iPhoneSimulator.ActiveCfg = Debug|Any CPU
		{EDF1FDED-8811-41EE-9390-71010D2BE7FE}.Debug|iPhoneSimulator.Build.0 = Debug|Any CPU
		{EDF1FDED-8811-41EE-9390-71010D2BE7FE}.Debug|x64.ActiveCfg = Debug|x64
		{EDF1FDED-8811-41EE-9390-71010D2BE7FE}.Debug|x64.Build.0 = Debug|x64
		{EDF1FDED-8811-41EE-9390-71010D2BE7FE}.Debug|x86.ActiveCfg = Debug|x86
		{EDF1FDED-8811-41EE-9390-71010D2BE7FE}.Debug|x86.Build.0 = Debug|x86
		{EDF1FDED-8811-41EE-9390-71010D2BE7FE}.Release|Any CPU.ActiveCfg = Release|Any CPU
		{EDF1FDED-8811-41EE-9390-71010D2BE7FE}.Release|Any CPU.Build.0 = Release|Any CPU
		{EDF1FDED-8811-41EE-9390-71010D2BE7FE}.Release|ARM.ActiveCfg = Release|ARM
		{EDF1FDED-8811-41EE-9390-71010D2BE7FE}.Release|ARM.Build.0 = Release|ARM
		{EDF1FDED-8811-41EE-9390-71010D2BE7FE}.Release|iPhone.ActiveCfg = Release|Any CPU
		{EDF1FDED-8811-41EE-9390-71010D2BE7FE}.Release|iPhone.Build.0 = Release|Any CPU
		{EDF1FDED-8811-41EE-9390-71010D2BE7FE}.Release|iPhoneSimulator.ActiveCfg = Release|Any CPU
		{EDF1FDED-8811-41EE-9390-71010D2BE7FE}.Release|iPhoneSimulator.Build.0 = Release|Any CPU
		{EDF1FDED-8811-41EE-9390-71010D2BE7FE}.Release|x64.ActiveCfg = Release|x64
		{EDF1FDED-8811-41EE-9390-71010D2BE7FE}.Release|x64.Build.0 = Release|x64
		{EDF1FDED-8811-41EE-9390-71010D2BE7FE}.Release|x86.ActiveCfg = Release|x86
		{EDF1FDED-8811-41EE-9390-71010D2BE7FE}.Release|x86.Build.0 = Release|x86
		{479F462E-2D1F-4C17-9BF5-86B56D51BBC8}.Ad-Hoc|Any CPU.ActiveCfg = Release|Any CPU
		{479F462E-2D1F-4C17-9BF5-86B56D51BBC8}.Ad-Hoc|Any CPU.Build.0 = Release|Any CPU
		{479F462E-2D1F-4C17-9BF5-86B56D51BBC8}.Ad-Hoc|ARM.ActiveCfg = Release|ARM
		{479F462E-2D1F-4C17-9BF5-86B56D51BBC8}.Ad-Hoc|ARM.Build.0 = Release|ARM
		{479F462E-2D1F-4C17-9BF5-86B56D51BBC8}.Ad-Hoc|iPhone.ActiveCfg = Release|Any CPU
		{479F462E-2D1F-4C17-9BF5-86B56D51BBC8}.Ad-Hoc|iPhone.Build.0 = Release|Any CPU
		{479F462E-2D1F-4C17-9BF5-86B56D51BBC8}.Ad-Hoc|iPhoneSimulator.ActiveCfg = Release|Any CPU
		{479F462E-2D1F-4C17-9BF5-86B56D51BBC8}.Ad-Hoc|iPhoneSimulator.Build.0 = Release|Any CPU
		{479F462E-2D1F-4C17-9BF5-86B56D51BBC8}.Ad-Hoc|x64.ActiveCfg = Release|x64
		{479F462E-2D1F-4C17-9BF5-86B56D51BBC8}.Ad-Hoc|x64.Build.0 = Release|x64
		{479F462E-2D1F-4C17-9BF5-86B56D51BBC8}.Ad-Hoc|x86.ActiveCfg = Release|x86
		{479F462E-2D1F-4C17-9BF5-86B56D51BBC8}.Ad-Hoc|x86.Build.0 = Release|x86
		{479F462E-2D1F-4C17-9BF5-86B56D51BBC8}.AppStore|Any CPU.ActiveCfg = Release|Any CPU
		{479F462E-2D1F-4C17-9BF5-86B56D51BBC8}.AppStore|Any CPU.Build.0 = Release|Any CPU
		{479F462E-2D1F-4C17-9BF5-86B56D51BBC8}.AppStore|ARM.ActiveCfg = Release|ARM
		{479F462E-2D1F-4C17-9BF5-86B56D51BBC8}.AppStore|ARM.Build.0 = Release|ARM
		{479F462E-2D1F-4C17-9BF5-86B56D51BBC8}.AppStore|iPhone.ActiveCfg = Release|Any CPU
		{479F462E-2D1F-4C17-9BF5-86B56D51BBC8}.AppStore|iPhone.Build.0 = Release|Any CPU
		{479F462E-2D1F-4C17-9BF5-86B56D51BBC8}.AppStore|iPhoneSimulator.ActiveCfg = Release|Any CPU
		{479F462E-2D1F-4C17-9BF5-86B56D51BBC8}.AppStore|iPhoneSimulator.Build.0 = Release|Any CPU
		{479F462E-2D1F-4C17-9BF5-86B56D51BBC8}.AppStore|x64.ActiveCfg = Release|x64
		{479F462E-2D1F-4C17-9BF5-86B56D51BBC8}.AppStore|x64.Build.0 = Release|x64
		{479F462E-2D1F-4C17-9BF5-86B56D51BBC8}.AppStore|x86.ActiveCfg = Release|x86
		{479F462E-2D1F-4C17-9BF5-86B56D51BBC8}.AppStore|x86.Build.0 = Release|x86
		{479F462E-2D1F-4C17-9BF5-86B56D51BBC8}.Debug|Any CPU.ActiveCfg = Debug|Any CPU
		{479F462E-2D1F-4C17-9BF5-86B56D51BBC8}.Debug|Any CPU.Build.0 = Debug|Any CPU
		{479F462E-2D1F-4C17-9BF5-86B56D51BBC8}.Debug|ARM.ActiveCfg = Debug|ARM
		{479F462E-2D1F-4C17-9BF5-86B56D51BBC8}.Debug|ARM.Build.0 = Debug|ARM
		{479F462E-2D1F-4C17-9BF5-86B56D51BBC8}.Debug|iPhone.ActiveCfg = Debug|Any CPU
		{479F462E-2D1F-4C17-9BF5-86B56D51BBC8}.Debug|iPhone.Build.0 = Debug|Any CPU
		{479F462E-2D1F-4C17-9BF5-86B56D51BBC8}.Debug|iPhoneSimulator.ActiveCfg = Debug|Any CPU
		{479F462E-2D1F-4C17-9BF5-86B56D51BBC8}.Debug|iPhoneSimulator.Build.0 = Debug|Any CPU
		{479F462E-2D1F-4C17-9BF5-86B56D51BBC8}.Debug|x64.ActiveCfg = Debug|x64
		{479F462E-2D1F-4C17-9BF5-86B56D51BBC8}.Debug|x64.Build.0 = Debug|x64
		{479F462E-2D1F-4C17-9BF5-86B56D51BBC8}.Debug|x86.ActiveCfg = Debug|x86
		{479F462E-2D1F-4C17-9BF5-86B56D51BBC8}.Debug|x86.Build.0 = Debug|x86
		{479F462E-2D1F-4C17-9BF5-86B56D51BBC8}.Release|Any CPU.ActiveCfg = Release|Any CPU
		{479F462E-2D1F-4C17-9BF5-86B56D51BBC8}.Release|Any CPU.Build.0 = Release|Any CPU
		{479F462E-2D1F-4C17-9BF5-86B56D51BBC8}.Release|ARM.ActiveCfg = Release|ARM
		{479F462E-2D1F-4C17-9BF5-86B56D51BBC8}.Release|ARM.Build.0 = Release|ARM
		{479F462E-2D1F-4C17-9BF5-86B56D51BBC8}.Release|iPhone.ActiveCfg = Release|Any CPU
		{479F462E-2D1F-4C17-9BF5-86B56D51BBC8}.Release|iPhone.Build.0 = Release|Any CPU
		{479F462E-2D1F-4C17-9BF5-86B56D51BBC8}.Release|iPhoneSimulator.ActiveCfg = Release|Any CPU
		{479F462E-2D1F-4C17-9BF5-86B56D51BBC8}.Release|iPhoneSimulator.Build.0 = Release|Any CPU
		{479F462E-2D1F-4C17-9BF5-86B56D51BBC8}.Release|x64.ActiveCfg = Release|x64
		{479F462E-2D1F-4C17-9BF5-86B56D51BBC8}.Release|x64.Build.0 = Release|x64
		{479F462E-2D1F-4C17-9BF5-86B56D51BBC8}.Release|x86.ActiveCfg = Release|x86
		{479F462E-2D1F-4C17-9BF5-86B56D51BBC8}.Release|x86.Build.0 = Release|x86
		{D2835239-3126-45F2-A534-006021292B48}.Ad-Hoc|Any CPU.ActiveCfg = Release|Any CPU
		{D2835239-3126-45F2-A534-006021292B48}.Ad-Hoc|Any CPU.Build.0 = Release|Any CPU
		{D2835239-3126-45F2-A534-006021292B48}.Ad-Hoc|ARM.ActiveCfg = Release|ARM
		{D2835239-3126-45F2-A534-006021292B48}.Ad-Hoc|ARM.Build.0 = Release|ARM
		{D2835239-3126-45F2-A534-006021292B48}.Ad-Hoc|iPhone.ActiveCfg = Release|Any CPU
		{D2835239-3126-45F2-A534-006021292B48}.Ad-Hoc|iPhone.Build.0 = Release|Any CPU
		{D2835239-3126-45F2-A534-006021292B48}.Ad-Hoc|iPhoneSimulator.ActiveCfg = Release|Any CPU
		{D2835239-3126-45F2-A534-006021292B48}.Ad-Hoc|iPhoneSimulator.Build.0 = Release|Any CPU
		{D2835239-3126-45F2-A534-006021292B48}.Ad-Hoc|x64.ActiveCfg = Release|x64
		{D2835239-3126-45F2-A534-006021292B48}.Ad-Hoc|x64.Build.0 = Release|x64
		{D2835239-3126-45F2-A534-006021292B48}.Ad-Hoc|x86.ActiveCfg = Release|x86
		{D2835239-3126-45F2-A534-006021292B48}.Ad-Hoc|x86.Build.0 = Release|x86
		{D2835239-3126-45F2-A534-006021292B48}.AppStore|Any CPU.ActiveCfg = Release|Any CPU
		{D2835239-3126-45F2-A534-006021292B48}.AppStore|Any CPU.Build.0 = Release|Any CPU
		{D2835239-3126-45F2-A534-006021292B48}.AppStore|ARM.ActiveCfg = Release|ARM
		{D2835239-3126-45F2-A534-006021292B48}.AppStore|ARM.Build.0 = Release|ARM
		{D2835239-3126-45F2-A534-006021292B48}.AppStore|iPhone.ActiveCfg = Release|Any CPU
		{D2835239-3126-45F2-A534-006021292B48}.AppStore|iPhone.Build.0 = Release|Any CPU
		{D2835239-3126-45F2-A534-006021292B48}.AppStore|iPhoneSimulator.ActiveCfg = Release|Any CPU
		{D2835239-3126-45F2-A534-006021292B48}.AppStore|iPhoneSimulator.Build.0 = Release|Any CPU
		{D2835239-3126-45F2-A534-006021292B48}.AppStore|x64.ActiveCfg = Release|x64
		{D2835239-3126-45F2-A534-006021292B48}.AppStore|x64.Build.0 = Release|x64
		{D2835239-3126-45F2-A534-006021292B48}.AppStore|x86.ActiveCfg = Release|x86
		{D2835239-3126-45F2-A534-006021292B48}.AppStore|x86.Build.0 = Release|x86
		{D2835239-3126-45F2-A534-006021292B48}.Debug|Any CPU.ActiveCfg = Debug|Any CPU
		{D2835239-3126-45F2-A534-006021292B48}.Debug|Any CPU.Build.0 = Debug|Any CPU
		{D2835239-3126-45F2-A534-006021292B48}.Debug|ARM.ActiveCfg = Debug|ARM
		{D2835239-3126-45F2-A534-006021292B48}.Debug|ARM.Build.0 = Debug|ARM
		{D2835239-3126-45F2-A534-006021292B48}.Debug|iPhone.ActiveCfg = Debug|Any CPU
		{D2835239-3126-45F2-A534-006021292B48}.Debug|iPhone.Build.0 = Debug|Any CPU
		{D2835239-3126-45F2-A534-006021292B48}.Debug|iPhoneSimulator.ActiveCfg = Debug|Any CPU
		{D2835239-3126-45F2-A534-006021292B48}.Debug|iPhoneSimulator.Build.0 = Debug|Any CPU
		{D2835239-3126-45F2-A534-006021292B48}.Debug|x64.ActiveCfg = Debug|x64
		{D2835239-3126-45F2-A534-006021292B48}.Debug|x64.Build.0 = Debug|x64
		{D2835239-3126-45F2-A534-006021292B48}.Debug|x86.ActiveCfg = Debug|x86
		{D2835239-3126-45F2-A534-006021292B48}.Debug|x86.Build.0 = Debug|x86
		{D2835239-3126-45F2-A534-006021292B48}.Release|Any CPU.ActiveCfg = Release|Any CPU
		{D2835239-3126-45F2-A534-006021292B48}.Release|Any CPU.Build.0 = Release|Any CPU
		{D2835239-3126-45F2-A534-006021292B48}.Release|ARM.ActiveCfg = Release|ARM
		{D2835239-3126-45F2-A534-006021292B48}.Release|ARM.Build.0 = Release|ARM
		{D2835239-3126-45F2-A534-006021292B48}.Release|iPhone.ActiveCfg = Release|Any CPU
		{D2835239-3126-45F2-A534-006021292B48}.Release|iPhone.Build.0 = Release|Any CPU
		{D2835239-3126-45F2-A534-006021292B48}.Release|iPhoneSimulator.ActiveCfg = Release|Any CPU
		{D2835239-3126-45F2-A534-006021292B48}.Release|iPhoneSimulator.Build.0 = Release|Any CPU
		{D2835239-3126-45F2-A534-006021292B48}.Release|x64.ActiveCfg = Release|x64
		{D2835239-3126-45F2-A534-006021292B48}.Release|x64.Build.0 = Release|x64
		{D2835239-3126-45F2-A534-006021292B48}.Release|x86.ActiveCfg = Release|x86
		{D2835239-3126-45F2-A534-006021292B48}.Release|x86.Build.0 = Release|x86
		{9418296F-AAB3-496D-BC1E-505E52A78E6E}.Ad-Hoc|Any CPU.ActiveCfg = Release|Any CPU
		{9418296F-AAB3-496D-BC1E-505E52A78E6E}.Ad-Hoc|Any CPU.Build.0 = Release|Any CPU
		{9418296F-AAB3-496D-BC1E-505E52A78E6E}.Ad-Hoc|ARM.ActiveCfg = Release|Any CPU
		{9418296F-AAB3-496D-BC1E-505E52A78E6E}.Ad-Hoc|ARM.Build.0 = Release|Any CPU
		{9418296F-AAB3-496D-BC1E-505E52A78E6E}.Ad-Hoc|iPhone.ActiveCfg = Release|Any CPU
		{9418296F-AAB3-496D-BC1E-505E52A78E6E}.Ad-Hoc|iPhone.Build.0 = Release|Any CPU
		{9418296F-AAB3-496D-BC1E-505E52A78E6E}.Ad-Hoc|iPhoneSimulator.ActiveCfg = Release|Any CPU
		{9418296F-AAB3-496D-BC1E-505E52A78E6E}.Ad-Hoc|iPhoneSimulator.Build.0 = Release|Any CPU
		{9418296F-AAB3-496D-BC1E-505E52A78E6E}.Ad-Hoc|x64.ActiveCfg = Release|Any CPU
		{9418296F-AAB3-496D-BC1E-505E52A78E6E}.Ad-Hoc|x64.Build.0 = Release|Any CPU
		{9418296F-AAB3-496D-BC1E-505E52A78E6E}.Ad-Hoc|x86.ActiveCfg = Release|Any CPU
		{9418296F-AAB3-496D-BC1E-505E52A78E6E}.Ad-Hoc|x86.Build.0 = Release|Any CPU
		{9418296F-AAB3-496D-BC1E-505E52A78E6E}.AppStore|Any CPU.ActiveCfg = Release|Any CPU
		{9418296F-AAB3-496D-BC1E-505E52A78E6E}.AppStore|Any CPU.Build.0 = Release|Any CPU
		{9418296F-AAB3-496D-BC1E-505E52A78E6E}.AppStore|ARM.ActiveCfg = Release|Any CPU
		{9418296F-AAB3-496D-BC1E-505E52A78E6E}.AppStore|ARM.Build.0 = Release|Any CPU
		{9418296F-AAB3-496D-BC1E-505E52A78E6E}.AppStore|iPhone.ActiveCfg = Release|Any CPU
		{9418296F-AAB3-496D-BC1E-505E52A78E6E}.AppStore|iPhone.Build.0 = Release|Any CPU
		{9418296F-AAB3-496D-BC1E-505E52A78E6E}.AppStore|iPhoneSimulator.ActiveCfg = Release|Any CPU
		{9418296F-AAB3-496D-BC1E-505E52A78E6E}.AppStore|iPhoneSimulator.Build.0 = Release|Any CPU
		{9418296F-AAB3-496D-BC1E-505E52A78E6E}.AppStore|x64.ActiveCfg = Release|Any CPU
		{9418296F-AAB3-496D-BC1E-505E52A78E6E}.AppStore|x64.Build.0 = Release|Any CPU
		{9418296F-AAB3-496D-BC1E-505E52A78E6E}.AppStore|x86.ActiveCfg = Release|Any CPU
		{9418296F-AAB3-496D-BC1E-505E52A78E6E}.AppStore|x86.Build.0 = Release|Any CPU
		{9418296F-AAB3-496D-BC1E-505E52A78E6E}.Debug|Any CPU.ActiveCfg = Debug|Any CPU
		{9418296F-AAB3-496D-BC1E-505E52A78E6E}.Debug|Any CPU.Build.0 = Debug|Any CPU
		{9418296F-AAB3-496D-BC1E-505E52A78E6E}.Debug|ARM.ActiveCfg = Debug|Any CPU
		{9418296F-AAB3-496D-BC1E-505E52A78E6E}.Debug|ARM.Build.0 = Debug|Any CPU
		{9418296F-AAB3-496D-BC1E-505E52A78E6E}.Debug|iPhone.ActiveCfg = Debug|Any CPU
		{9418296F-AAB3-496D-BC1E-505E52A78E6E}.Debug|iPhone.Build.0 = Debug|Any CPU
		{9418296F-AAB3-496D-BC1E-505E52A78E6E}.Debug|iPhoneSimulator.ActiveCfg = Debug|Any CPU
		{9418296F-AAB3-496D-BC1E-505E52A78E6E}.Debug|iPhoneSimulator.Build.0 = Debug|Any CPU
		{9418296F-AAB3-496D-BC1E-505E52A78E6E}.Debug|x64.ActiveCfg = Debug|Any CPU
		{9418296F-AAB3-496D-BC1E-505E52A78E6E}.Debug|x64.Build.0 = Debug|Any CPU
		{9418296F-AAB3-496D-BC1E-505E52A78E6E}.Debug|x86.ActiveCfg = Debug|Any CPU
		{9418296F-AAB3-496D-BC1E-505E52A78E6E}.Debug|x86.Build.0 = Debug|Any CPU
		{9418296F-AAB3-496D-BC1E-505E52A78E6E}.Release|Any CPU.ActiveCfg = Release|Any CPU
		{9418296F-AAB3-496D-BC1E-505E52A78E6E}.Release|Any CPU.Build.0 = Release|Any CPU
		{9418296F-AAB3-496D-BC1E-505E52A78E6E}.Release|ARM.ActiveCfg = Release|Any CPU
		{9418296F-AAB3-496D-BC1E-505E52A78E6E}.Release|ARM.Build.0 = Release|Any CPU
		{9418296F-AAB3-496D-BC1E-505E52A78E6E}.Release|iPhone.ActiveCfg = Release|Any CPU
		{9418296F-AAB3-496D-BC1E-505E52A78E6E}.Release|iPhone.Build.0 = Release|Any CPU
		{9418296F-AAB3-496D-BC1E-505E52A78E6E}.Release|iPhoneSimulator.ActiveCfg = Release|Any CPU
		{9418296F-AAB3-496D-BC1E-505E52A78E6E}.Release|iPhoneSimulator.Build.0 = Release|Any CPU
		{9418296F-AAB3-496D-BC1E-505E52A78E6E}.Release|x64.ActiveCfg = Release|Any CPU
		{9418296F-AAB3-496D-BC1E-505E52A78E6E}.Release|x64.Build.0 = Release|Any CPU
		{9418296F-AAB3-496D-BC1E-505E52A78E6E}.Release|x86.ActiveCfg = Release|Any CPU
		{9418296F-AAB3-496D-BC1E-505E52A78E6E}.Release|x86.Build.0 = Release|Any CPU
		{91786A6B-2196-489B-8EC0-F7949BE282D0}.Ad-Hoc|Any CPU.ActiveCfg = Release|Any CPU
		{91786A6B-2196-489B-8EC0-F7949BE282D0}.Ad-Hoc|Any CPU.Build.0 = Release|Any CPU
		{91786A6B-2196-489B-8EC0-F7949BE282D0}.Ad-Hoc|ARM.ActiveCfg = Release|Any CPU
		{91786A6B-2196-489B-8EC0-F7949BE282D0}.Ad-Hoc|ARM.Build.0 = Release|Any CPU
		{91786A6B-2196-489B-8EC0-F7949BE282D0}.Ad-Hoc|iPhone.ActiveCfg = Release|Any CPU
		{91786A6B-2196-489B-8EC0-F7949BE282D0}.Ad-Hoc|iPhone.Build.0 = Release|Any CPU
		{91786A6B-2196-489B-8EC0-F7949BE282D0}.Ad-Hoc|iPhoneSimulator.ActiveCfg = Release|Any CPU
		{91786A6B-2196-489B-8EC0-F7949BE282D0}.Ad-Hoc|iPhoneSimulator.Build.0 = Release|Any CPU
		{91786A6B-2196-489B-8EC0-F7949BE282D0}.Ad-Hoc|x64.ActiveCfg = Release|Any CPU
		{91786A6B-2196-489B-8EC0-F7949BE282D0}.Ad-Hoc|x64.Build.0 = Release|Any CPU
		{91786A6B-2196-489B-8EC0-F7949BE282D0}.Ad-Hoc|x86.ActiveCfg = Release|Any CPU
		{91786A6B-2196-489B-8EC0-F7949BE282D0}.Ad-Hoc|x86.Build.0 = Release|Any CPU
		{91786A6B-2196-489B-8EC0-F7949BE282D0}.AppStore|Any CPU.ActiveCfg = Release|Any CPU
		{91786A6B-2196-489B-8EC0-F7949BE282D0}.AppStore|Any CPU.Build.0 = Release|Any CPU
		{91786A6B-2196-489B-8EC0-F7949BE282D0}.AppStore|ARM.ActiveCfg = Release|Any CPU
		{91786A6B-2196-489B-8EC0-F7949BE282D0}.AppStore|ARM.Build.0 = Release|Any CPU
		{91786A6B-2196-489B-8EC0-F7949BE282D0}.AppStore|iPhone.ActiveCfg = Release|Any CPU
		{91786A6B-2196-489B-8EC0-F7949BE282D0}.AppStore|iPhone.Build.0 = Release|Any CPU
		{91786A6B-2196-489B-8EC0-F7949BE282D0}.AppStore|iPhoneSimulator.ActiveCfg = Release|Any CPU
		{91786A6B-2196-489B-8EC0-F7949BE282D0}.AppStore|iPhoneSimulator.Build.0 = Release|Any CPU
		{91786A6B-2196-489B-8EC0-F7949BE282D0}.AppStore|x64.ActiveCfg = Release|Any CPU
		{91786A6B-2196-489B-8EC0-F7949BE282D0}.AppStore|x64.Build.0 = Release|Any CPU
		{91786A6B-2196-489B-8EC0-F7949BE282D0}.AppStore|x86.ActiveCfg = Release|Any CPU
		{91786A6B-2196-489B-8EC0-F7949BE282D0}.AppStore|x86.Build.0 = Release|Any CPU
		{91786A6B-2196-489B-8EC0-F7949BE282D0}.Debug|Any CPU.ActiveCfg = Debug|Any CPU
		{91786A6B-2196-489B-8EC0-F7949BE282D0}.Debug|Any CPU.Build.0 = Debug|Any CPU
		{91786A6B-2196-489B-8EC0-F7949BE282D0}.Debug|ARM.ActiveCfg = Debug|Any CPU
		{91786A6B-2196-489B-8EC0-F7949BE282D0}.Debug|ARM.Build.0 = Debug|Any CPU
		{91786A6B-2196-489B-8EC0-F7949BE282D0}.Debug|iPhone.ActiveCfg = Debug|Any CPU
		{91786A6B-2196-489B-8EC0-F7949BE282D0}.Debug|iPhone.Build.0 = Debug|Any CPU
		{91786A6B-2196-489B-8EC0-F7949BE282D0}.Debug|iPhoneSimulator.ActiveCfg = Debug|Any CPU
		{91786A6B-2196-489B-8EC0-F7949BE282D0}.Debug|iPhoneSimulator.Build.0 = Debug|Any CPU
		{91786A6B-2196-489B-8EC0-F7949BE282D0}.Debug|x64.ActiveCfg = Debug|Any CPU
		{91786A6B-2196-489B-8EC0-F7949BE282D0}.Debug|x64.Build.0 = Debug|Any CPU
		{91786A6B-2196-489B-8EC0-F7949BE282D0}.Debug|x86.ActiveCfg = Debug|Any CPU
		{91786A6B-2196-489B-8EC0-F7949BE282D0}.Debug|x86.Build.0 = Debug|Any CPU
		{91786A6B-2196-489B-8EC0-F7949BE282D0}.Release|Any CPU.ActiveCfg = Release|Any CPU
		{91786A6B-2196-489B-8EC0-F7949BE282D0}.Release|Any CPU.Build.0 = Release|Any CPU
		{91786A6B-2196-489B-8EC0-F7949BE282D0}.Release|ARM.ActiveCfg = Release|Any CPU
		{91786A6B-2196-489B-8EC0-F7949BE282D0}.Release|ARM.Build.0 = Release|Any CPU
		{91786A6B-2196-489B-8EC0-F7949BE282D0}.Release|iPhone.ActiveCfg = Release|Any CPU
		{91786A6B-2196-489B-8EC0-F7949BE282D0}.Release|iPhone.Build.0 = Release|Any CPU
		{91786A6B-2196-489B-8EC0-F7949BE282D0}.Release|iPhoneSimulator.ActiveCfg = Release|Any CPU
		{91786A6B-2196-489B-8EC0-F7949BE282D0}.Release|iPhoneSimulator.Build.0 = Release|Any CPU
		{91786A6B-2196-489B-8EC0-F7949BE282D0}.Release|x64.ActiveCfg = Release|Any CPU
		{91786A6B-2196-489B-8EC0-F7949BE282D0}.Release|x64.Build.0 = Release|Any CPU
		{91786A6B-2196-489B-8EC0-F7949BE282D0}.Release|x86.ActiveCfg = Release|Any CPU
		{91786A6B-2196-489B-8EC0-F7949BE282D0}.Release|x86.Build.0 = Release|Any CPU
		{A50E23FB-5EF2-4C11-9E8A-6CF7DDAFEB8D}.Ad-Hoc|Any CPU.ActiveCfg = Release|Any CPU
		{A50E23FB-5EF2-4C11-9E8A-6CF7DDAFEB8D}.Ad-Hoc|Any CPU.Build.0 = Release|Any CPU
		{A50E23FB-5EF2-4C11-9E8A-6CF7DDAFEB8D}.Ad-Hoc|ARM.ActiveCfg = Release|Any CPU
		{A50E23FB-5EF2-4C11-9E8A-6CF7DDAFEB8D}.Ad-Hoc|ARM.Build.0 = Release|Any CPU
		{A50E23FB-5EF2-4C11-9E8A-6CF7DDAFEB8D}.Ad-Hoc|iPhone.ActiveCfg = Release|Any CPU
		{A50E23FB-5EF2-4C11-9E8A-6CF7DDAFEB8D}.Ad-Hoc|iPhone.Build.0 = Release|Any CPU
		{A50E23FB-5EF2-4C11-9E8A-6CF7DDAFEB8D}.Ad-Hoc|iPhoneSimulator.ActiveCfg = Release|Any CPU
		{A50E23FB-5EF2-4C11-9E8A-6CF7DDAFEB8D}.Ad-Hoc|iPhoneSimulator.Build.0 = Release|Any CPU
		{A50E23FB-5EF2-4C11-9E8A-6CF7DDAFEB8D}.Ad-Hoc|x64.ActiveCfg = Release|Any CPU
		{A50E23FB-5EF2-4C11-9E8A-6CF7DDAFEB8D}.Ad-Hoc|x64.Build.0 = Release|Any CPU
		{A50E23FB-5EF2-4C11-9E8A-6CF7DDAFEB8D}.Ad-Hoc|x86.ActiveCfg = Release|Any CPU
		{A50E23FB-5EF2-4C11-9E8A-6CF7DDAFEB8D}.Ad-Hoc|x86.Build.0 = Release|Any CPU
		{A50E23FB-5EF2-4C11-9E8A-6CF7DDAFEB8D}.AppStore|Any CPU.ActiveCfg = Release|Any CPU
		{A50E23FB-5EF2-4C11-9E8A-6CF7DDAFEB8D}.AppStore|Any CPU.Build.0 = Release|Any CPU
		{A50E23FB-5EF2-4C11-9E8A-6CF7DDAFEB8D}.AppStore|ARM.ActiveCfg = Release|Any CPU
		{A50E23FB-5EF2-4C11-9E8A-6CF7DDAFEB8D}.AppStore|ARM.Build.0 = Release|Any CPU
		{A50E23FB-5EF2-4C11-9E8A-6CF7DDAFEB8D}.AppStore|iPhone.ActiveCfg = Release|Any CPU
		{A50E23FB-5EF2-4C11-9E8A-6CF7DDAFEB8D}.AppStore|iPhone.Build.0 = Release|Any CPU
		{A50E23FB-5EF2-4C11-9E8A-6CF7DDAFEB8D}.AppStore|iPhoneSimulator.ActiveCfg = Release|Any CPU
		{A50E23FB-5EF2-4C11-9E8A-6CF7DDAFEB8D}.AppStore|iPhoneSimulator.Build.0 = Release|Any CPU
		{A50E23FB-5EF2-4C11-9E8A-6CF7DDAFEB8D}.AppStore|x64.ActiveCfg = Release|Any CPU
		{A50E23FB-5EF2-4C11-9E8A-6CF7DDAFEB8D}.AppStore|x64.Build.0 = Release|Any CPU
		{A50E23FB-5EF2-4C11-9E8A-6CF7DDAFEB8D}.AppStore|x86.ActiveCfg = Release|Any CPU
		{A50E23FB-5EF2-4C11-9E8A-6CF7DDAFEB8D}.AppStore|x86.Build.0 = Release|Any CPU
		{A50E23FB-5EF2-4C11-9E8A-6CF7DDAFEB8D}.Debug|Any CPU.ActiveCfg = Debug|Any CPU
		{A50E23FB-5EF2-4C11-9E8A-6CF7DDAFEB8D}.Debug|Any CPU.Build.0 = Debug|Any CPU
		{A50E23FB-5EF2-4C11-9E8A-6CF7DDAFEB8D}.Debug|ARM.ActiveCfg = Debug|Any CPU
		{A50E23FB-5EF2-4C11-9E8A-6CF7DDAFEB8D}.Debug|ARM.Build.0 = Debug|Any CPU
		{A50E23FB-5EF2-4C11-9E8A-6CF7DDAFEB8D}.Debug|iPhone.ActiveCfg = Debug|Any CPU
		{A50E23FB-5EF2-4C11-9E8A-6CF7DDAFEB8D}.Debug|iPhone.Build.0 = Debug|Any CPU
		{A50E23FB-5EF2-4C11-9E8A-6CF7DDAFEB8D}.Debug|iPhoneSimulator.ActiveCfg = Debug|Any CPU
		{A50E23FB-5EF2-4C11-9E8A-6CF7DDAFEB8D}.Debug|iPhoneSimulator.Build.0 = Debug|Any CPU
		{A50E23FB-5EF2-4C11-9E8A-6CF7DDAFEB8D}.Debug|x64.ActiveCfg = Debug|Any CPU
		{A50E23FB-5EF2-4C11-9E8A-6CF7DDAFEB8D}.Debug|x64.Build.0 = Debug|Any CPU
		{A50E23FB-5EF2-4C11-9E8A-6CF7DDAFEB8D}.Debug|x86.ActiveCfg = Debug|Any CPU
		{A50E23FB-5EF2-4C11-9E8A-6CF7DDAFEB8D}.Debug|x86.Build.0 = Debug|Any CPU
		{A50E23FB-5EF2-4C11-9E8A-6CF7DDAFEB8D}.Release|Any CPU.ActiveCfg = Release|Any CPU
		{A50E23FB-5EF2-4C11-9E8A-6CF7DDAFEB8D}.Release|Any CPU.Build.0 = Release|Any CPU
		{A50E23FB-5EF2-4C11-9E8A-6CF7DDAFEB8D}.Release|ARM.ActiveCfg = Release|Any CPU
		{A50E23FB-5EF2-4C11-9E8A-6CF7DDAFEB8D}.Release|ARM.Build.0 = Release|Any CPU
		{A50E23FB-5EF2-4C11-9E8A-6CF7DDAFEB8D}.Release|iPhone.ActiveCfg = Release|Any CPU
		{A50E23FB-5EF2-4C11-9E8A-6CF7DDAFEB8D}.Release|iPhone.Build.0 = Release|Any CPU
		{A50E23FB-5EF2-4C11-9E8A-6CF7DDAFEB8D}.Release|iPhoneSimulator.ActiveCfg = Release|Any CPU
		{A50E23FB-5EF2-4C11-9E8A-6CF7DDAFEB8D}.Release|iPhoneSimulator.Build.0 = Release|Any CPU
		{A50E23FB-5EF2-4C11-9E8A-6CF7DDAFEB8D}.Release|x64.ActiveCfg = Release|Any CPU
		{A50E23FB-5EF2-4C11-9E8A-6CF7DDAFEB8D}.Release|x64.Build.0 = Release|Any CPU
		{A50E23FB-5EF2-4C11-9E8A-6CF7DDAFEB8D}.Release|x86.ActiveCfg = Release|Any CPU
		{A50E23FB-5EF2-4C11-9E8A-6CF7DDAFEB8D}.Release|x86.Build.0 = Release|Any CPU
		{468E439F-54B4-4765-9E5B-D11C749824D4}.Ad-Hoc|Any CPU.ActiveCfg = Release|Any CPU
		{468E439F-54B4-4765-9E5B-D11C749824D4}.Ad-Hoc|Any CPU.Build.0 = Release|Any CPU
		{468E439F-54B4-4765-9E5B-D11C749824D4}.Ad-Hoc|ARM.ActiveCfg = Release|ARM
		{468E439F-54B4-4765-9E5B-D11C749824D4}.Ad-Hoc|ARM.Build.0 = Release|ARM
		{468E439F-54B4-4765-9E5B-D11C749824D4}.Ad-Hoc|iPhone.ActiveCfg = Release|Any CPU
		{468E439F-54B4-4765-9E5B-D11C749824D4}.Ad-Hoc|iPhone.Build.0 = Release|Any CPU
		{468E439F-54B4-4765-9E5B-D11C749824D4}.Ad-Hoc|iPhoneSimulator.ActiveCfg = Release|Any CPU
		{468E439F-54B4-4765-9E5B-D11C749824D4}.Ad-Hoc|iPhoneSimulator.Build.0 = Release|Any CPU
		{468E439F-54B4-4765-9E5B-D11C749824D4}.Ad-Hoc|x64.ActiveCfg = Release|x64
		{468E439F-54B4-4765-9E5B-D11C749824D4}.Ad-Hoc|x64.Build.0 = Release|x64
		{468E439F-54B4-4765-9E5B-D11C749824D4}.Ad-Hoc|x86.ActiveCfg = Release|x86
		{468E439F-54B4-4765-9E5B-D11C749824D4}.Ad-Hoc|x86.Build.0 = Release|x86
		{468E439F-54B4-4765-9E5B-D11C749824D4}.AppStore|Any CPU.ActiveCfg = Release|Any CPU
		{468E439F-54B4-4765-9E5B-D11C749824D4}.AppStore|Any CPU.Build.0 = Release|Any CPU
		{468E439F-54B4-4765-9E5B-D11C749824D4}.AppStore|ARM.ActiveCfg = Release|ARM
		{468E439F-54B4-4765-9E5B-D11C749824D4}.AppStore|ARM.Build.0 = Release|ARM
		{468E439F-54B4-4765-9E5B-D11C749824D4}.AppStore|iPhone.ActiveCfg = Release|Any CPU
		{468E439F-54B4-4765-9E5B-D11C749824D4}.AppStore|iPhone.Build.0 = Release|Any CPU
		{468E439F-54B4-4765-9E5B-D11C749824D4}.AppStore|iPhoneSimulator.ActiveCfg = Release|Any CPU
		{468E439F-54B4-4765-9E5B-D11C749824D4}.AppStore|iPhoneSimulator.Build.0 = Release|Any CPU
		{468E439F-54B4-4765-9E5B-D11C749824D4}.AppStore|x64.ActiveCfg = Release|x64
		{468E439F-54B4-4765-9E5B-D11C749824D4}.AppStore|x64.Build.0 = Release|x64
		{468E439F-54B4-4765-9E5B-D11C749824D4}.AppStore|x86.ActiveCfg = Release|x86
		{468E439F-54B4-4765-9E5B-D11C749824D4}.AppStore|x86.Build.0 = Release|x86
		{468E439F-54B4-4765-9E5B-D11C749824D4}.Debug|Any CPU.ActiveCfg = Debug|Any CPU
		{468E439F-54B4-4765-9E5B-D11C749824D4}.Debug|Any CPU.Build.0 = Debug|Any CPU
		{468E439F-54B4-4765-9E5B-D11C749824D4}.Debug|ARM.ActiveCfg = Debug|ARM
		{468E439F-54B4-4765-9E5B-D11C749824D4}.Debug|ARM.Build.0 = Debug|ARM
		{468E439F-54B4-4765-9E5B-D11C749824D4}.Debug|iPhone.ActiveCfg = Debug|Any CPU
		{468E439F-54B4-4765-9E5B-D11C749824D4}.Debug|iPhone.Build.0 = Debug|Any CPU
		{468E439F-54B4-4765-9E5B-D11C749824D4}.Debug|iPhoneSimulator.ActiveCfg = Debug|Any CPU
		{468E439F-54B4-4765-9E5B-D11C749824D4}.Debug|iPhoneSimulator.Build.0 = Debug|Any CPU
		{468E439F-54B4-4765-9E5B-D11C749824D4}.Debug|x64.ActiveCfg = Debug|x64
		{468E439F-54B4-4765-9E5B-D11C749824D4}.Debug|x64.Build.0 = Debug|x64
		{468E439F-54B4-4765-9E5B-D11C749824D4}.Debug|x86.ActiveCfg = Debug|x86
		{468E439F-54B4-4765-9E5B-D11C749824D4}.Debug|x86.Build.0 = Debug|x86
		{468E439F-54B4-4765-9E5B-D11C749824D4}.Release|Any CPU.ActiveCfg = Release|Any CPU
		{468E439F-54B4-4765-9E5B-D11C749824D4}.Release|Any CPU.Build.0 = Release|Any CPU
		{468E439F-54B4-4765-9E5B-D11C749824D4}.Release|ARM.ActiveCfg = Release|ARM
		{468E439F-54B4-4765-9E5B-D11C749824D4}.Release|ARM.Build.0 = Release|ARM
		{468E439F-54B4-4765-9E5B-D11C749824D4}.Release|iPhone.ActiveCfg = Release|Any CPU
		{468E439F-54B4-4765-9E5B-D11C749824D4}.Release|iPhone.Build.0 = Release|Any CPU
		{468E439F-54B4-4765-9E5B-D11C749824D4}.Release|iPhoneSimulator.ActiveCfg = Release|Any CPU
		{468E439F-54B4-4765-9E5B-D11C749824D4}.Release|iPhoneSimulator.Build.0 = Release|Any CPU
		{468E439F-54B4-4765-9E5B-D11C749824D4}.Release|x64.ActiveCfg = Release|x64
		{468E439F-54B4-4765-9E5B-D11C749824D4}.Release|x64.Build.0 = Release|x64
		{468E439F-54B4-4765-9E5B-D11C749824D4}.Release|x86.ActiveCfg = Release|x86
		{468E439F-54B4-4765-9E5B-D11C749824D4}.Release|x86.Build.0 = Release|x86
		{EF7A6025-4D8F-453C-9879-7320130E7F53}.Ad-Hoc|Any CPU.ActiveCfg = Release|Any CPU
		{EF7A6025-4D8F-453C-9879-7320130E7F53}.Ad-Hoc|Any CPU.Build.0 = Release|Any CPU
		{EF7A6025-4D8F-453C-9879-7320130E7F53}.Ad-Hoc|Any CPU.Deploy.0 = Release|Any CPU
		{EF7A6025-4D8F-453C-9879-7320130E7F53}.Ad-Hoc|ARM.ActiveCfg = Release|Any CPU
		{EF7A6025-4D8F-453C-9879-7320130E7F53}.Ad-Hoc|ARM.Build.0 = Release|Any CPU
		{EF7A6025-4D8F-453C-9879-7320130E7F53}.Ad-Hoc|ARM.Deploy.0 = Release|Any CPU
		{EF7A6025-4D8F-453C-9879-7320130E7F53}.Ad-Hoc|iPhone.ActiveCfg = Release|Any CPU
		{EF7A6025-4D8F-453C-9879-7320130E7F53}.Ad-Hoc|iPhone.Build.0 = Release|Any CPU
		{EF7A6025-4D8F-453C-9879-7320130E7F53}.Ad-Hoc|iPhone.Deploy.0 = Release|Any CPU
		{EF7A6025-4D8F-453C-9879-7320130E7F53}.Ad-Hoc|iPhoneSimulator.ActiveCfg = Release|Any CPU
		{EF7A6025-4D8F-453C-9879-7320130E7F53}.Ad-Hoc|iPhoneSimulator.Build.0 = Release|Any CPU
		{EF7A6025-4D8F-453C-9879-7320130E7F53}.Ad-Hoc|iPhoneSimulator.Deploy.0 = Release|Any CPU
		{EF7A6025-4D8F-453C-9879-7320130E7F53}.Ad-Hoc|x64.ActiveCfg = Release|Any CPU
		{EF7A6025-4D8F-453C-9879-7320130E7F53}.Ad-Hoc|x64.Build.0 = Release|Any CPU
		{EF7A6025-4D8F-453C-9879-7320130E7F53}.Ad-Hoc|x64.Deploy.0 = Release|Any CPU
		{EF7A6025-4D8F-453C-9879-7320130E7F53}.Ad-Hoc|x86.ActiveCfg = Release|Any CPU
		{EF7A6025-4D8F-453C-9879-7320130E7F53}.Ad-Hoc|x86.Build.0 = Release|Any CPU
		{EF7A6025-4D8F-453C-9879-7320130E7F53}.Ad-Hoc|x86.Deploy.0 = Release|Any CPU
		{EF7A6025-4D8F-453C-9879-7320130E7F53}.AppStore|Any CPU.ActiveCfg = Release|Any CPU
		{EF7A6025-4D8F-453C-9879-7320130E7F53}.AppStore|Any CPU.Build.0 = Release|Any CPU
		{EF7A6025-4D8F-453C-9879-7320130E7F53}.AppStore|Any CPU.Deploy.0 = Release|Any CPU
		{EF7A6025-4D8F-453C-9879-7320130E7F53}.AppStore|ARM.ActiveCfg = Release|Any CPU
		{EF7A6025-4D8F-453C-9879-7320130E7F53}.AppStore|ARM.Build.0 = Release|Any CPU
		{EF7A6025-4D8F-453C-9879-7320130E7F53}.AppStore|ARM.Deploy.0 = Release|Any CPU
		{EF7A6025-4D8F-453C-9879-7320130E7F53}.AppStore|iPhone.ActiveCfg = Release|Any CPU
		{EF7A6025-4D8F-453C-9879-7320130E7F53}.AppStore|iPhone.Build.0 = Release|Any CPU
		{EF7A6025-4D8F-453C-9879-7320130E7F53}.AppStore|iPhone.Deploy.0 = Release|Any CPU
		{EF7A6025-4D8F-453C-9879-7320130E7F53}.AppStore|iPhoneSimulator.ActiveCfg = Release|Any CPU
		{EF7A6025-4D8F-453C-9879-7320130E7F53}.AppStore|iPhoneSimulator.Build.0 = Release|Any CPU
		{EF7A6025-4D8F-453C-9879-7320130E7F53}.AppStore|iPhoneSimulator.Deploy.0 = Release|Any CPU
		{EF7A6025-4D8F-453C-9879-7320130E7F53}.AppStore|x64.ActiveCfg = Release|Any CPU
		{EF7A6025-4D8F-453C-9879-7320130E7F53}.AppStore|x64.Build.0 = Release|Any CPU
		{EF7A6025-4D8F-453C-9879-7320130E7F53}.AppStore|x64.Deploy.0 = Release|Any CPU
		{EF7A6025-4D8F-453C-9879-7320130E7F53}.AppStore|x86.ActiveCfg = Release|Any CPU
		{EF7A6025-4D8F-453C-9879-7320130E7F53}.AppStore|x86.Build.0 = Release|Any CPU
		{EF7A6025-4D8F-453C-9879-7320130E7F53}.AppStore|x86.Deploy.0 = Release|Any CPU
		{EF7A6025-4D8F-453C-9879-7320130E7F53}.Debug|Any CPU.ActiveCfg = Debug|Any CPU
		{EF7A6025-4D8F-453C-9879-7320130E7F53}.Debug|Any CPU.Build.0 = Debug|Any CPU
		{EF7A6025-4D8F-453C-9879-7320130E7F53}.Debug|Any CPU.Deploy.0 = Debug|Any CPU
		{EF7A6025-4D8F-453C-9879-7320130E7F53}.Debug|ARM.ActiveCfg = Debug|Any CPU
		{EF7A6025-4D8F-453C-9879-7320130E7F53}.Debug|ARM.Build.0 = Debug|Any CPU
		{EF7A6025-4D8F-453C-9879-7320130E7F53}.Debug|ARM.Deploy.0 = Debug|Any CPU
		{EF7A6025-4D8F-453C-9879-7320130E7F53}.Debug|iPhone.ActiveCfg = Debug|Any CPU
		{EF7A6025-4D8F-453C-9879-7320130E7F53}.Debug|iPhone.Build.0 = Debug|Any CPU
		{EF7A6025-4D8F-453C-9879-7320130E7F53}.Debug|iPhone.Deploy.0 = Debug|Any CPU
		{EF7A6025-4D8F-453C-9879-7320130E7F53}.Debug|iPhoneSimulator.ActiveCfg = Debug|Any CPU
		{EF7A6025-4D8F-453C-9879-7320130E7F53}.Debug|iPhoneSimulator.Build.0 = Debug|Any CPU
		{EF7A6025-4D8F-453C-9879-7320130E7F53}.Debug|iPhoneSimulator.Deploy.0 = Debug|Any CPU
		{EF7A6025-4D8F-453C-9879-7320130E7F53}.Debug|x64.ActiveCfg = Debug|Any CPU
		{EF7A6025-4D8F-453C-9879-7320130E7F53}.Debug|x64.Build.0 = Debug|Any CPU
		{EF7A6025-4D8F-453C-9879-7320130E7F53}.Debug|x64.Deploy.0 = Debug|Any CPU
		{EF7A6025-4D8F-453C-9879-7320130E7F53}.Debug|x86.ActiveCfg = Debug|Any CPU
		{EF7A6025-4D8F-453C-9879-7320130E7F53}.Debug|x86.Build.0 = Debug|Any CPU
		{EF7A6025-4D8F-453C-9879-7320130E7F53}.Debug|x86.Deploy.0 = Debug|Any CPU
		{EF7A6025-4D8F-453C-9879-7320130E7F53}.Release|Any CPU.ActiveCfg = Release|Any CPU
		{EF7A6025-4D8F-453C-9879-7320130E7F53}.Release|Any CPU.Build.0 = Release|Any CPU
		{EF7A6025-4D8F-453C-9879-7320130E7F53}.Release|Any CPU.Deploy.0 = Release|Any CPU
		{EF7A6025-4D8F-453C-9879-7320130E7F53}.Release|ARM.ActiveCfg = Release|Any CPU
		{EF7A6025-4D8F-453C-9879-7320130E7F53}.Release|ARM.Build.0 = Release|Any CPU
		{EF7A6025-4D8F-453C-9879-7320130E7F53}.Release|ARM.Deploy.0 = Release|Any CPU
		{EF7A6025-4D8F-453C-9879-7320130E7F53}.Release|iPhone.ActiveCfg = Release|Any CPU
		{EF7A6025-4D8F-453C-9879-7320130E7F53}.Release|iPhone.Build.0 = Release|Any CPU
		{EF7A6025-4D8F-453C-9879-7320130E7F53}.Release|iPhone.Deploy.0 = Release|Any CPU
		{EF7A6025-4D8F-453C-9879-7320130E7F53}.Release|iPhoneSimulator.ActiveCfg = Release|Any CPU
		{EF7A6025-4D8F-453C-9879-7320130E7F53}.Release|iPhoneSimulator.Build.0 = Release|Any CPU
		{EF7A6025-4D8F-453C-9879-7320130E7F53}.Release|iPhoneSimulator.Deploy.0 = Release|Any CPU
		{EF7A6025-4D8F-453C-9879-7320130E7F53}.Release|x64.ActiveCfg = Release|Any CPU
		{EF7A6025-4D8F-453C-9879-7320130E7F53}.Release|x64.Build.0 = Release|Any CPU
		{EF7A6025-4D8F-453C-9879-7320130E7F53}.Release|x64.Deploy.0 = Release|Any CPU
		{EF7A6025-4D8F-453C-9879-7320130E7F53}.Release|x86.ActiveCfg = Release|Any CPU
		{EF7A6025-4D8F-453C-9879-7320130E7F53}.Release|x86.Build.0 = Release|Any CPU
		{EF7A6025-4D8F-453C-9879-7320130E7F53}.Release|x86.Deploy.0 = Release|Any CPU
		{D9BA7453-8686-469D-BC00-46B8482358C8}.Ad-Hoc|Any CPU.ActiveCfg = Ad-Hoc|iPhone
		{D9BA7453-8686-469D-BC00-46B8482358C8}.Ad-Hoc|ARM.ActiveCfg = Ad-Hoc|iPhone
		{D9BA7453-8686-469D-BC00-46B8482358C8}.Ad-Hoc|iPhone.ActiveCfg = Ad-Hoc|iPhone
		{D9BA7453-8686-469D-BC00-46B8482358C8}.Ad-Hoc|iPhone.Build.0 = Ad-Hoc|iPhone
		{D9BA7453-8686-469D-BC00-46B8482358C8}.Ad-Hoc|iPhoneSimulator.ActiveCfg = Ad-Hoc|iPhoneSimulator
		{D9BA7453-8686-469D-BC00-46B8482358C8}.Ad-Hoc|iPhoneSimulator.Build.0 = Ad-Hoc|iPhoneSimulator
		{D9BA7453-8686-469D-BC00-46B8482358C8}.Ad-Hoc|x64.ActiveCfg = Ad-Hoc|iPhone
		{D9BA7453-8686-469D-BC00-46B8482358C8}.Ad-Hoc|x86.ActiveCfg = Ad-Hoc|iPhone
		{D9BA7453-8686-469D-BC00-46B8482358C8}.AppStore|Any CPU.ActiveCfg = AppStore|iPhone
		{D9BA7453-8686-469D-BC00-46B8482358C8}.AppStore|ARM.ActiveCfg = AppStore|iPhone
		{D9BA7453-8686-469D-BC00-46B8482358C8}.AppStore|iPhone.ActiveCfg = AppStore|iPhone
		{D9BA7453-8686-469D-BC00-46B8482358C8}.AppStore|iPhone.Build.0 = AppStore|iPhone
		{D9BA7453-8686-469D-BC00-46B8482358C8}.AppStore|iPhoneSimulator.ActiveCfg = AppStore|iPhoneSimulator
		{D9BA7453-8686-469D-BC00-46B8482358C8}.AppStore|iPhoneSimulator.Build.0 = AppStore|iPhoneSimulator
		{D9BA7453-8686-469D-BC00-46B8482358C8}.AppStore|x64.ActiveCfg = AppStore|iPhone
		{D9BA7453-8686-469D-BC00-46B8482358C8}.AppStore|x86.ActiveCfg = AppStore|iPhone
		{D9BA7453-8686-469D-BC00-46B8482358C8}.Debug|Any CPU.ActiveCfg = Debug|iPhone
		{D9BA7453-8686-469D-BC00-46B8482358C8}.Debug|ARM.ActiveCfg = Debug|iPhone
		{D9BA7453-8686-469D-BC00-46B8482358C8}.Debug|iPhone.ActiveCfg = Debug|iPhone
		{D9BA7453-8686-469D-BC00-46B8482358C8}.Debug|iPhone.Build.0 = Debug|iPhone
		{D9BA7453-8686-469D-BC00-46B8482358C8}.Debug|iPhoneSimulator.ActiveCfg = Debug|iPhoneSimulator
		{D9BA7453-8686-469D-BC00-46B8482358C8}.Debug|iPhoneSimulator.Build.0 = Debug|iPhoneSimulator
		{D9BA7453-8686-469D-BC00-46B8482358C8}.Debug|x64.ActiveCfg = Debug|iPhone
		{D9BA7453-8686-469D-BC00-46B8482358C8}.Debug|x86.ActiveCfg = Debug|iPhone
		{D9BA7453-8686-469D-BC00-46B8482358C8}.Release|Any CPU.ActiveCfg = Release|iPhone
		{D9BA7453-8686-469D-BC00-46B8482358C8}.Release|ARM.ActiveCfg = Release|iPhone
		{D9BA7453-8686-469D-BC00-46B8482358C8}.Release|iPhone.ActiveCfg = Release|iPhone
		{D9BA7453-8686-469D-BC00-46B8482358C8}.Release|iPhone.Build.0 = Release|iPhone
		{D9BA7453-8686-469D-BC00-46B8482358C8}.Release|iPhoneSimulator.ActiveCfg = Release|iPhoneSimulator
		{D9BA7453-8686-469D-BC00-46B8482358C8}.Release|iPhoneSimulator.Build.0 = Release|iPhoneSimulator
		{D9BA7453-8686-469D-BC00-46B8482358C8}.Release|x64.ActiveCfg = Release|iPhone
		{D9BA7453-8686-469D-BC00-46B8482358C8}.Release|x86.ActiveCfg = Release|iPhone
		{B4548857-1BBA-4A04-A129-22F816984F4B}.Ad-Hoc|Any CPU.ActiveCfg = Release|x86
		{B4548857-1BBA-4A04-A129-22F816984F4B}.Ad-Hoc|Any CPU.Build.0 = Release|x86
		{B4548857-1BBA-4A04-A129-22F816984F4B}.Ad-Hoc|Any CPU.Deploy.0 = Release|x86
		{B4548857-1BBA-4A04-A129-22F816984F4B}.Ad-Hoc|ARM.ActiveCfg = Release|ARM
		{B4548857-1BBA-4A04-A129-22F816984F4B}.Ad-Hoc|ARM.Build.0 = Release|ARM
		{B4548857-1BBA-4A04-A129-22F816984F4B}.Ad-Hoc|ARM.Deploy.0 = Release|ARM
		{B4548857-1BBA-4A04-A129-22F816984F4B}.Ad-Hoc|iPhone.ActiveCfg = Release|x86
		{B4548857-1BBA-4A04-A129-22F816984F4B}.Ad-Hoc|iPhone.Build.0 = Release|x86
		{B4548857-1BBA-4A04-A129-22F816984F4B}.Ad-Hoc|iPhone.Deploy.0 = Release|x86
		{B4548857-1BBA-4A04-A129-22F816984F4B}.Ad-Hoc|iPhoneSimulator.ActiveCfg = Release|x86
		{B4548857-1BBA-4A04-A129-22F816984F4B}.Ad-Hoc|iPhoneSimulator.Build.0 = Release|x86
		{B4548857-1BBA-4A04-A129-22F816984F4B}.Ad-Hoc|iPhoneSimulator.Deploy.0 = Release|x86
		{B4548857-1BBA-4A04-A129-22F816984F4B}.Ad-Hoc|x64.ActiveCfg = Release|x64
		{B4548857-1BBA-4A04-A129-22F816984F4B}.Ad-Hoc|x64.Build.0 = Release|x64
		{B4548857-1BBA-4A04-A129-22F816984F4B}.Ad-Hoc|x64.Deploy.0 = Release|x64
		{B4548857-1BBA-4A04-A129-22F816984F4B}.Ad-Hoc|x86.ActiveCfg = Release|x86
		{B4548857-1BBA-4A04-A129-22F816984F4B}.Ad-Hoc|x86.Build.0 = Release|x86
		{B4548857-1BBA-4A04-A129-22F816984F4B}.Ad-Hoc|x86.Deploy.0 = Release|x86
		{B4548857-1BBA-4A04-A129-22F816984F4B}.AppStore|Any CPU.ActiveCfg = Release|x86
		{B4548857-1BBA-4A04-A129-22F816984F4B}.AppStore|Any CPU.Build.0 = Release|x86
		{B4548857-1BBA-4A04-A129-22F816984F4B}.AppStore|Any CPU.Deploy.0 = Release|x86
		{B4548857-1BBA-4A04-A129-22F816984F4B}.AppStore|ARM.ActiveCfg = Release|ARM
		{B4548857-1BBA-4A04-A129-22F816984F4B}.AppStore|ARM.Build.0 = Release|ARM
		{B4548857-1BBA-4A04-A129-22F816984F4B}.AppStore|ARM.Deploy.0 = Release|ARM
		{B4548857-1BBA-4A04-A129-22F816984F4B}.AppStore|iPhone.ActiveCfg = Release|x86
		{B4548857-1BBA-4A04-A129-22F816984F4B}.AppStore|iPhone.Build.0 = Release|x86
		{B4548857-1BBA-4A04-A129-22F816984F4B}.AppStore|iPhone.Deploy.0 = Release|x86
		{B4548857-1BBA-4A04-A129-22F816984F4B}.AppStore|iPhoneSimulator.ActiveCfg = Release|x86
		{B4548857-1BBA-4A04-A129-22F816984F4B}.AppStore|iPhoneSimulator.Build.0 = Release|x86
		{B4548857-1BBA-4A04-A129-22F816984F4B}.AppStore|iPhoneSimulator.Deploy.0 = Release|x86
		{B4548857-1BBA-4A04-A129-22F816984F4B}.AppStore|x64.ActiveCfg = Release|x64
		{B4548857-1BBA-4A04-A129-22F816984F4B}.AppStore|x64.Build.0 = Release|x64
		{B4548857-1BBA-4A04-A129-22F816984F4B}.AppStore|x64.Deploy.0 = Release|x64
		{B4548857-1BBA-4A04-A129-22F816984F4B}.AppStore|x86.ActiveCfg = Release|x86
		{B4548857-1BBA-4A04-A129-22F816984F4B}.AppStore|x86.Build.0 = Release|x86
		{B4548857-1BBA-4A04-A129-22F816984F4B}.AppStore|x86.Deploy.0 = Release|x86
		{B4548857-1BBA-4A04-A129-22F816984F4B}.Debug|Any CPU.ActiveCfg = Debug|x86
		{B4548857-1BBA-4A04-A129-22F816984F4B}.Debug|ARM.ActiveCfg = Debug|ARM
		{B4548857-1BBA-4A04-A129-22F816984F4B}.Debug|ARM.Build.0 = Debug|ARM
		{B4548857-1BBA-4A04-A129-22F816984F4B}.Debug|ARM.Deploy.0 = Debug|ARM
		{B4548857-1BBA-4A04-A129-22F816984F4B}.Debug|iPhone.ActiveCfg = Debug|x86
		{B4548857-1BBA-4A04-A129-22F816984F4B}.Debug|iPhoneSimulator.ActiveCfg = Debug|x86
		{B4548857-1BBA-4A04-A129-22F816984F4B}.Debug|x64.ActiveCfg = Debug|x64
		{B4548857-1BBA-4A04-A129-22F816984F4B}.Debug|x64.Build.0 = Debug|x64
		{B4548857-1BBA-4A04-A129-22F816984F4B}.Debug|x64.Deploy.0 = Debug|x64
		{B4548857-1BBA-4A04-A129-22F816984F4B}.Debug|x86.ActiveCfg = Debug|x86
		{B4548857-1BBA-4A04-A129-22F816984F4B}.Debug|x86.Build.0 = Debug|x86
		{B4548857-1BBA-4A04-A129-22F816984F4B}.Debug|x86.Deploy.0 = Debug|x86
		{B4548857-1BBA-4A04-A129-22F816984F4B}.Release|Any CPU.ActiveCfg = Release|x86
		{B4548857-1BBA-4A04-A129-22F816984F4B}.Release|ARM.ActiveCfg = Release|ARM
		{B4548857-1BBA-4A04-A129-22F816984F4B}.Release|ARM.Build.0 = Release|ARM
		{B4548857-1BBA-4A04-A129-22F816984F4B}.Release|ARM.Deploy.0 = Release|ARM
		{B4548857-1BBA-4A04-A129-22F816984F4B}.Release|iPhone.ActiveCfg = Release|x86
		{B4548857-1BBA-4A04-A129-22F816984F4B}.Release|iPhoneSimulator.ActiveCfg = Release|x86
		{B4548857-1BBA-4A04-A129-22F816984F4B}.Release|x64.ActiveCfg = Release|x64
		{B4548857-1BBA-4A04-A129-22F816984F4B}.Release|x64.Build.0 = Release|x64
		{B4548857-1BBA-4A04-A129-22F816984F4B}.Release|x64.Deploy.0 = Release|x64
		{B4548857-1BBA-4A04-A129-22F816984F4B}.Release|x86.ActiveCfg = Release|x86
		{B4548857-1BBA-4A04-A129-22F816984F4B}.Release|x86.Build.0 = Release|x86
		{B4548857-1BBA-4A04-A129-22F816984F4B}.Release|x86.Deploy.0 = Release|x86
	EndGlobalSection
	GlobalSection(SolutionProperties) = preSolution
		HideSolutionNode = FALSE
	EndGlobalSection
	GlobalSection(NestedProjects) = preSolution
		{442BD5D1-E2DF-453E-BF1D-24BE28C124E1} = {EAD15996-7A75-43F7-BA04-CEB76502B954}
		{9DAA18C4-8474-4B9B-907E-8CE43B26F35D} = {EAD15996-7A75-43F7-BA04-CEB76502B954}
		{9712913F-2C43-400D-8D8C-BD76002E8CCD} = {9DAA18C4-8474-4B9B-907E-8CE43B26F35D}
		{AFF29644-4B6F-4C03-90C6-2B900019EA21} = {EAD15996-7A75-43F7-BA04-CEB76502B954}
		{FB0E4B93-97CD-43EF-B35D-AF4CCF27C5A9} = {EAD15996-7A75-43F7-BA04-CEB76502B954}
		{9DA4DC85-3A29-47E7-AF34-1D44A055E8CF} = {EAD15996-7A75-43F7-BA04-CEB76502B954}
		{C0EC5E1D-C85D-4ACC-9195-A09CE3BF04AC} = {FB0E4B93-97CD-43EF-B35D-AF4CCF27C5A9}
		{EDF1FDED-8811-41EE-9390-71010D2BE7FE} = {9DAA18C4-8474-4B9B-907E-8CE43B26F35D}
		{479F462E-2D1F-4C17-9BF5-86B56D51BBC8} = {9DAA18C4-8474-4B9B-907E-8CE43B26F35D}
		{D2835239-3126-45F2-A534-006021292B48} = {9DAA18C4-8474-4B9B-907E-8CE43B26F35D}
		{9418296F-AAB3-496D-BC1E-505E52A78E6E} = {FB0E4B93-97CD-43EF-B35D-AF4CCF27C5A9}
		{91786A6B-2196-489B-8EC0-F7949BE282D0} = {442BD5D1-E2DF-453E-BF1D-24BE28C124E1}
		{01CD3E9F-161D-4B47-9282-429F0D1A4605} = {EAD15996-7A75-43F7-BA04-CEB76502B954}
		{A50E23FB-5EF2-4C11-9E8A-6CF7DDAFEB8D} = {01CD3E9F-161D-4B47-9282-429F0D1A4605}
		{468E439F-54B4-4765-9E5B-D11C749824D4} = {9DAA18C4-8474-4B9B-907E-8CE43B26F35D}
		{373616F9-DF71-44D7-99EC-6520DC9BF5BB} = {AFF29644-4B6F-4C03-90C6-2B900019EA21}
		{EF7A6025-4D8F-453C-9879-7320130E7F53} = {AFF29644-4B6F-4C03-90C6-2B900019EA21}
		{D9BA7453-8686-469D-BC00-46B8482358C8} = {AFF29644-4B6F-4C03-90C6-2B900019EA21}
		{B4548857-1BBA-4A04-A129-22F816984F4B} = {AFF29644-4B6F-4C03-90C6-2B900019EA21}
	EndGlobalSection
EndGlobal
