
Microsoft Visual Studio Solution File, Format Version 12.00
# Visual Studio 14
VisualStudioVersion = 14.0.25420.1
MinimumVisualStudioVersion = 10.0.40219.1
Project("{2150E333-8FDC-42A3-9474-1A3956D46DE8}") = "src", "src", "{EAD15996-7A75-43F7-BA04-CEB76502B954}"
EndProject
Project("{2150E333-8FDC-42A3-9474-1A3956D46DE8}") = "Solution Items", "Solution Items", "{CC24B708-101C-4EA0-96E0-F38D1E7F7A52}"
	ProjectSection(SolutionItems) = preProject
		global.json = global.json
	EndProjectSection
EndProject
Project("{8BB2217D-0F2D-49D1-97BC-3654ED321F3B}") = "Ewa.Server.Api", "src\Ewa.Server.Api\Ewa.Server.Api.xproj", "{94D155AA-0293-4C70-BFA0-E790FA147218}"
EndProject
Project("{2150E333-8FDC-42A3-9474-1A3956D46DE8}") = "Ewa.Server", "Ewa.Server", "{442BD5D1-E2DF-453E-BF1D-24BE28C124E1}"
EndProject
Project("{2150E333-8FDC-42A3-9474-1A3956D46DE8}") = "Ewa.IOT", "Ewa.IOT", "{9DAA18C4-8474-4B9B-907E-8CE43B26F35D}"
EndProject
Project("{FAE04EC0-301F-11D3-BF4B-00C04F79EFBC}") = "Ewa.IOT.RPI", "src\Ewa.IOT.RPI\Ewa.IOT.RPI.csproj", "{9712913F-2C43-400D-8D8C-BD76002E8CCD}"
EndProject
Project("{2150E333-8FDC-42A3-9474-1A3956D46DE8}") = "Ewa.Mobile", "Ewa.Mobile", "{AFF29644-4B6F-4C03-90C6-2B900019EA21}"
EndProject
Project("{2150E333-8FDC-42A3-9474-1A3956D46DE8}") = "Ewa.Common", "Ewa.Common", "{FB0E4B93-97CD-43EF-B35D-AF4CCF27C5A9}"
EndProject
Project("{2150E333-8FDC-42A3-9474-1A3956D46DE8}") = "Ewa.Bot", "Ewa.Bot", "{9DA4DC85-3A29-47E7-AF34-1D44A055E8CF}"
EndProject
Project("{FAE04EC0-301F-11D3-BF4B-00C04F79EFBC}") = "Eva.Speech", "src\Eva.Speech\Eva.Speech.csproj", "{C0EC5E1D-C85D-4ACC-9195-A09CE3BF04AC}"
EndProject
Project("{FAE04EC0-301F-11D3-BF4B-00C04F79EFBC}") = "Eva.IOT.CortanaListener", "src\Eva.IOT.CortanaListener\Eva.IOT.CortanaListener.csproj", "{EDF1FDED-8811-41EE-9390-71010D2BE7FE}"
EndProject
Global
	GlobalSection(SolutionConfigurationPlatforms) = preSolution
		Debug|Any CPU = Debug|Any CPU
		Debug|ARM = Debug|ARM
		Debug|x64 = Debug|x64
		Debug|x86 = Debug|x86
		Release|Any CPU = Release|Any CPU
		Release|ARM = Release|ARM
		Release|x64 = Release|x64
		Release|x86 = Release|x86
	EndGlobalSection
	GlobalSection(ProjectConfigurationPlatforms) = postSolution
		{94D155AA-0293-4C70-BFA0-E790FA147218}.Debug|Any CPU.ActiveCfg = Debug|Any CPU
		{94D155AA-0293-4C70-BFA0-E790FA147218}.Debug|Any CPU.Build.0 = Debug|Any CPU
		{94D155AA-0293-4C70-BFA0-E790FA147218}.Debug|ARM.ActiveCfg = Debug|Any CPU
		{94D155AA-0293-4C70-BFA0-E790FA147218}.Debug|ARM.Build.0 = Debug|Any CPU
		{94D155AA-0293-4C70-BFA0-E790FA147218}.Debug|x64.ActiveCfg = Debug|Any CPU
		{94D155AA-0293-4C70-BFA0-E790FA147218}.Debug|x64.Build.0 = Debug|Any CPU
		{94D155AA-0293-4C70-BFA0-E790FA147218}.Debug|x86.ActiveCfg = Debug|Any CPU
		{94D155AA-0293-4C70-BFA0-E790FA147218}.Debug|x86.Build.0 = Debug|Any CPU
		{94D155AA-0293-4C70-BFA0-E790FA147218}.Release|Any CPU.ActiveCfg = Release|Any CPU
		{94D155AA-0293-4C70-BFA0-E790FA147218}.Release|Any CPU.Build.0 = Release|Any CPU
		{94D155AA-0293-4C70-BFA0-E790FA147218}.Release|ARM.ActiveCfg = Release|Any CPU
		{94D155AA-0293-4C70-BFA0-E790FA147218}.Release|ARM.Build.0 = Release|Any CPU
		{94D155AA-0293-4C70-BFA0-E790FA147218}.Release|x64.ActiveCfg = Release|Any CPU
		{94D155AA-0293-4C70-BFA0-E790FA147218}.Release|x64.Build.0 = Release|Any CPU
		{94D155AA-0293-4C70-BFA0-E790FA147218}.Release|x86.ActiveCfg = Release|Any CPU
		{94D155AA-0293-4C70-BFA0-E790FA147218}.Release|x86.Build.0 = Release|Any CPU
		{9712913F-2C43-400D-8D8C-BD76002E8CCD}.Debug|Any CPU.ActiveCfg = Debug|x86
		{9712913F-2C43-400D-8D8C-BD76002E8CCD}.Debug|Any CPU.Build.0 = Debug|x86
		{9712913F-2C43-400D-8D8C-BD76002E8CCD}.Debug|Any CPU.Deploy.0 = Debug|x86
		{9712913F-2C43-400D-8D8C-BD76002E8CCD}.Debug|ARM.ActiveCfg = Debug|ARM
		{9712913F-2C43-400D-8D8C-BD76002E8CCD}.Debug|ARM.Build.0 = Debug|ARM
		{9712913F-2C43-400D-8D8C-BD76002E8CCD}.Debug|ARM.Deploy.0 = Debug|ARM
		{9712913F-2C43-400D-8D8C-BD76002E8CCD}.Debug|x64.ActiveCfg = Debug|x64
		{9712913F-2C43-400D-8D8C-BD76002E8CCD}.Debug|x64.Build.0 = Debug|x64
		{9712913F-2C43-400D-8D8C-BD76002E8CCD}.Debug|x64.Deploy.0 = Debug|x64
		{9712913F-2C43-400D-8D8C-BD76002E8CCD}.Debug|x86.ActiveCfg = Debug|x86
		{9712913F-2C43-400D-8D8C-BD76002E8CCD}.Debug|x86.Build.0 = Debug|x86
		{9712913F-2C43-400D-8D8C-BD76002E8CCD}.Debug|x86.Deploy.0 = Debug|x86
		{9712913F-2C43-400D-8D8C-BD76002E8CCD}.Release|Any CPU.ActiveCfg = Release|x86
		{9712913F-2C43-400D-8D8C-BD76002E8CCD}.Release|ARM.ActiveCfg = Release|ARM
		{9712913F-2C43-400D-8D8C-BD76002E8CCD}.Release|ARM.Build.0 = Release|ARM
		{9712913F-2C43-400D-8D8C-BD76002E8CCD}.Release|ARM.Deploy.0 = Release|ARM
		{9712913F-2C43-400D-8D8C-BD76002E8CCD}.Release|x64.ActiveCfg = Release|x64
		{9712913F-2C43-400D-8D8C-BD76002E8CCD}.Release|x64.Build.0 = Release|x64
		{9712913F-2C43-400D-8D8C-BD76002E8CCD}.Release|x64.Deploy.0 = Release|x64
		{9712913F-2C43-400D-8D8C-BD76002E8CCD}.Release|x86.ActiveCfg = Release|x86
		{9712913F-2C43-400D-8D8C-BD76002E8CCD}.Release|x86.Build.0 = Release|x86
		{9712913F-2C43-400D-8D8C-BD76002E8CCD}.Release|x86.Deploy.0 = Release|x86
		{C0EC5E1D-C85D-4ACC-9195-A09CE3BF04AC}.Debug|Any CPU.ActiveCfg = Debug|Any CPU
		{C0EC5E1D-C85D-4ACC-9195-A09CE3BF04AC}.Debug|Any CPU.Build.0 = Debug|Any CPU
		{C0EC5E1D-C85D-4ACC-9195-A09CE3BF04AC}.Debug|ARM.ActiveCfg = Debug|ARM
		{C0EC5E1D-C85D-4ACC-9195-A09CE3BF04AC}.Debug|ARM.Build.0 = Debug|ARM
		{C0EC5E1D-C85D-4ACC-9195-A09CE3BF04AC}.Debug|x64.ActiveCfg = Debug|x64
		{C0EC5E1D-C85D-4ACC-9195-A09CE3BF04AC}.Debug|x64.Build.0 = Debug|x64
		{C0EC5E1D-C85D-4ACC-9195-A09CE3BF04AC}.Debug|x86.ActiveCfg = Debug|x86
		{C0EC5E1D-C85D-4ACC-9195-A09CE3BF04AC}.Debug|x86.Build.0 = Debug|x86
		{C0EC5E1D-C85D-4ACC-9195-A09CE3BF04AC}.Release|Any CPU.ActiveCfg = Release|Any CPU
		{C0EC5E1D-C85D-4ACC-9195-A09CE3BF04AC}.Release|Any CPU.Build.0 = Release|Any CPU
		{C0EC5E1D-C85D-4ACC-9195-A09CE3BF04AC}.Release|ARM.ActiveCfg = Release|ARM
		{C0EC5E1D-C85D-4ACC-9195-A09CE3BF04AC}.Release|ARM.Build.0 = Release|ARM
		{C0EC5E1D-C85D-4ACC-9195-A09CE3BF04AC}.Release|x64.ActiveCfg = Release|x64
		{C0EC5E1D-C85D-4ACC-9195-A09CE3BF04AC}.Release|x64.Build.0 = Release|x64
		{C0EC5E1D-C85D-4ACC-9195-A09CE3BF04AC}.Release|x86.ActiveCfg = Release|x86
		{C0EC5E1D-C85D-4ACC-9195-A09CE3BF04AC}.Release|x86.Build.0 = Release|x86
		{EDF1FDED-8811-41EE-9390-71010D2BE7FE}.Debug|Any CPU.ActiveCfg = Debug|Any CPU
		{EDF1FDED-8811-41EE-9390-71010D2BE7FE}.Debug|Any CPU.Build.0 = Debug|Any CPU
		{EDF1FDED-8811-41EE-9390-71010D2BE7FE}.Debug|ARM.ActiveCfg = Debug|ARM
		{EDF1FDED-8811-41EE-9390-71010D2BE7FE}.Debug|ARM.Build.0 = Debug|ARM
		{EDF1FDED-8811-41EE-9390-71010D2BE7FE}.Debug|x64.ActiveCfg = Debug|x64
		{EDF1FDED-8811-41EE-9390-71010D2BE7FE}.Debug|x64.Build.0 = Debug|x64
		{EDF1FDED-8811-41EE-9390-71010D2BE7FE}.Debug|x86.ActiveCfg = Debug|x86
		{EDF1FDED-8811-41EE-9390-71010D2BE7FE}.Debug|x86.Build.0 = Debug|x86
		{EDF1FDED-8811-41EE-9390-71010D2BE7FE}.Release|Any CPU.ActiveCfg = Release|Any CPU
		{EDF1FDED-8811-41EE-9390-71010D2BE7FE}.Release|Any CPU.Build.0 = Release|Any CPU
		{EDF1FDED-8811-41EE-9390-71010D2BE7FE}.Release|ARM.ActiveCfg = Release|ARM
		{EDF1FDED-8811-41EE-9390-71010D2BE7FE}.Release|ARM.Build.0 = Release|ARM
		{EDF1FDED-8811-41EE-9390-71010D2BE7FE}.Release|x64.ActiveCfg = Release|x64
		{EDF1FDED-8811-41EE-9390-71010D2BE7FE}.Release|x64.Build.0 = Release|x64
		{EDF1FDED-8811-41EE-9390-71010D2BE7FE}.Release|x86.ActiveCfg = Release|x86
		{EDF1FDED-8811-41EE-9390-71010D2BE7FE}.Release|x86.Build.0 = Release|x86
	EndGlobalSection
	GlobalSection(SolutionProperties) = preSolution
		HideSolutionNode = FALSE
	EndGlobalSection
	GlobalSection(NestedProjects) = preSolution
		{94D155AA-0293-4C70-BFA0-E790FA147218} = {442BD5D1-E2DF-453E-BF1D-24BE28C124E1}
		{442BD5D1-E2DF-453E-BF1D-24BE28C124E1} = {EAD15996-7A75-43F7-BA04-CEB76502B954}
		{9DAA18C4-8474-4B9B-907E-8CE43B26F35D} = {EAD15996-7A75-43F7-BA04-CEB76502B954}
		{9712913F-2C43-400D-8D8C-BD76002E8CCD} = {9DAA18C4-8474-4B9B-907E-8CE43B26F35D}
		{AFF29644-4B6F-4C03-90C6-2B900019EA21} = {EAD15996-7A75-43F7-BA04-CEB76502B954}
		{FB0E4B93-97CD-43EF-B35D-AF4CCF27C5A9} = {EAD15996-7A75-43F7-BA04-CEB76502B954}
		{9DA4DC85-3A29-47E7-AF34-1D44A055E8CF} = {EAD15996-7A75-43F7-BA04-CEB76502B954}
		{C0EC5E1D-C85D-4ACC-9195-A09CE3BF04AC} = {9DAA18C4-8474-4B9B-907E-8CE43B26F35D}
		{EDF1FDED-8811-41EE-9390-71010D2BE7FE} = {9DAA18C4-8474-4B9B-907E-8CE43B26F35D}
	EndGlobalSection
EndGlobal
